// !$*UTF8*$!
{
	archiveVersion = 1;
	classes = {
	};
	objectVersion = 46;
	objects = {

/* Begin PBXBuildFile section */
		070E639116B2EAC9004ABC0C /* MSMapLoader.m in Sources */ = {isa = PBXBuildFile; fileRef = 070E639016B2EAC9004ABC0C /* MSMapLoader.m */; };
		07619E9016B17938001E5EA1 /* grass.jpg in Resources */ = {isa = PBXBuildFile; fileRef = 07619E8F16B17938001E5EA1 /* grass.jpg */; };
		07619E9216B17BD7001E5EA1 /* sky-hd.png in Resources */ = {isa = PBXBuildFile; fileRef = 07619E9116B17BD7001E5EA1 /* sky-hd.png */; };
		077D4FD516AEE59E000941CC /* .gitignore in Resources */ = {isa = PBXBuildFile; fileRef = 077D4F9416AEE59E000941CC /* .gitignore */; };
		077D4FD616AEE59E000941CC /* KWLoopAudioTrack.m in Sources */ = {isa = PBXBuildFile; fileRef = 077D4F9816AEE59E000941CC /* KWLoopAudioTrack.m */; };
		077D4FD716AEE59E000941CC /* KWMusicManager.m in Sources */ = {isa = PBXBuildFile; fileRef = 077D4F9A16AEE59E000941CC /* KWMusicManager.m */; };
		077D4FD816AEE59E000941CC /* tinymt32.c in Sources */ = {isa = PBXBuildFile; fileRef = 077D4F9D16AEE59E000941CC /* tinymt32.c */; };
		077D4FD916AEE59E000941CC /* kawaz-hd.png in Resources */ = {isa = PBXBuildFile; fileRef = 077D4FA016AEE59E000941CC /* kawaz-hd.png */; };
		077D4FDA16AEE59E000941CC /* kawaz-ipad.png in Resources */ = {isa = PBXBuildFile; fileRef = 077D4FA116AEE59E000941CC /* kawaz-ipad.png */; };
		077D4FDB16AEE59E000941CC /* kawaz.png in Resources */ = {isa = PBXBuildFile; fileRef = 077D4FA216AEE59E000941CC /* kawaz.png */; };
		077D4FDC16AEE59E000941CC /* KWLayer.m in Sources */ = {isa = PBXBuildFile; fileRef = 077D4FA516AEE59E000941CC /* KWLayer.m */; };
		077D4FDD16AEE59E000941CC /* KWState.m in Sources */ = {isa = PBXBuildFile; fileRef = 077D4FA716AEE59E000941CC /* KWState.m */; };
		077D4FDE16AEE59E000941CC /* KWStateManager.m in Sources */ = {isa = PBXBuildFile; fileRef = 077D4FA916AEE59E000941CC /* KWStateManager.m */; };
		077D4FE016AEE59E000941CC /* CCSuicide.m in Sources */ = {isa = PBXBuildFile; fileRef = 077D4FAE16AEE59E000941CC /* CCSuicide.m */; };
		077D4FE116AEE59E000941CC /* KWAnimation.m in Sources */ = {isa = PBXBuildFile; fileRef = 077D4FB016AEE59E000941CC /* KWAnimation.m */; };
		077D4FE216AEE59E000941CC /* KWGauge.m in Sources */ = {isa = PBXBuildFile; fileRef = 077D4FB216AEE59E000941CC /* KWGauge.m */; };
		077D4FE316AEE59E000941CC /* KWMessageWindow.m in Sources */ = {isa = PBXBuildFile; fileRef = 077D4FB416AEE59E000941CC /* KWMessageWindow.m */; };
		077D4FE516AEE59E000941CC /* KWScrollLayer.m in Sources */ = {isa = PBXBuildFile; fileRef = 077D4FB916AEE59E000941CC /* KWScrollLayer.m */; };
		077D4FE616AEE59E000941CC /* KWShadowLabelTTF.m in Sources */ = {isa = PBXBuildFile; fileRef = 077D4FBB16AEE59E000941CC /* KWShadowLabelTTF.m */; };
		077D4FE716AEE59E000941CC /* KWTimerLabel.m in Sources */ = {isa = PBXBuildFile; fileRef = 077D4FBD16AEE59E000941CC /* KWTimerLabel.m */; };
		077D4FE816AEE59E000941CC /* KWLogoLayer.m in Sources */ = {isa = PBXBuildFile; fileRef = 077D4FC016AEE59E000941CC /* KWLogoLayer.m */; };
		077D4FE916AEE59E000941CC /* KWDrawingPrimitives.m in Sources */ = {isa = PBXBuildFile; fileRef = 077D4FC316AEE59E000941CC /* KWDrawingPrimitives.m */; };
		077D4FEA16AEE59E000941CC /* KWRandom.m in Sources */ = {isa = PBXBuildFile; fileRef = 077D4FC516AEE59E000941CC /* KWRandom.m */; };
		077D4FEB16AEE59E000941CC /* KWSingleton.m in Sources */ = {isa = PBXBuildFile; fileRef = 077D4FC716AEE59E000941CC /* KWSingleton.m */; };
		077D4FEC16AEE59E000941CC /* KWTimer.m in Sources */ = {isa = PBXBuildFile; fileRef = 077D4FC916AEE59E000941CC /* KWTimer.m */; };
		077D4FED16AEE59E000941CC /* KWUtility.m in Sources */ = {isa = PBXBuildFile; fileRef = 077D4FCB16AEE59E000941CC /* KWUtility.m */; };
		077D4FEE16AEE59E000941CC /* KWVector.m in Sources */ = {isa = PBXBuildFile; fileRef = 077D4FCD16AEE59E000941CC /* KWVector.m */; };
		077D4FEF16AEE59E000941CC /* NSArrayExtension.m in Sources */ = {isa = PBXBuildFile; fileRef = 077D4FCF16AEE59E000941CC /* NSArrayExtension.m */; };
		077D4FF116AEE59E000941CC /* add_ipad_suffix.py in Resources */ = {isa = PBXBuildFile; fileRef = 077D4FD216AEE59E000941CC /* add_ipad_suffix.py */; };
		077D4FF216AEE59E000941CC /* graphic_converter.py in Resources */ = {isa = PBXBuildFile; fileRef = 077D4FD316AEE59E000941CC /* graphic_converter.py */; };
		077D4FF316AEE59E000941CC /* sound_converter.py in Resources */ = {isa = PBXBuildFile; fileRef = 077D4FD416AEE59E000941CC /* sound_converter.py */; };
		077D4FF616AEE5E1000941CC /* KWMovieLogoLayer.m in Sources */ = {isa = PBXBuildFile; fileRef = 077D4FF516AEE5E1000941CC /* KWMovieLogoLayer.m */; };
		077D500616AEED63000941CC /* CCVideoPlayer.m in Sources */ = {isa = PBXBuildFile; fileRef = 077D4FF916AEED63000941CC /* CCVideoPlayer.m */; settings = {COMPILER_FLAGS = "-fno-objc-arc"; }; };
		077D500716AEED63000941CC /* CCVideoPlayerImpliOS.m in Sources */ = {isa = PBXBuildFile; fileRef = 077D4FFC16AEED63000941CC /* CCVideoPlayerImpliOS.m */; settings = {COMPILER_FLAGS = "-fno-objc-arc"; }; };
		077D500816AEED63000941CC /* videoOverlayView.m in Sources */ = {isa = PBXBuildFile; fileRef = 077D4FFE16AEED63000941CC /* videoOverlayView.m */; settings = {COMPILER_FLAGS = "-fno-objc-arc"; }; };
		077D500C16AEED63000941CC /* README.md in Resources */ = {isa = PBXBuildFile; fileRef = 077D500516AEED63000941CC /* README.md */; };
		077D501016AEF008000941CC /* MSLogoLayer.m in Sources */ = {isa = PBXBuildFile; fileRef = 077D500F16AEF008000941CC /* MSLogoLayer.m */; };
		077D501316AEF5AF000941CC /* MediaPlayer.framework in Frameworks */ = {isa = PBXBuildFile; fileRef = 077D501216AEF5AF000941CC /* MediaPlayer.framework */; };
		077D501416AEF673000941CC /* kawaz.mp4 in Resources */ = {isa = PBXBuildFile; fileRef = 077D501116AEF4AD000941CC /* kawaz.mp4 */; };
		077D501716AEF852000941CC /* MSTitleLayer.m in Sources */ = {isa = PBXBuildFile; fileRef = 077D501616AEF852000941CC /* MSTitleLayer.m */; };
		077D501A16AEF89F000941CC /* MSMatchLayer.m in Sources */ = {isa = PBXBuildFile; fileRef = 077D501916AEF89F000941CC /* MSMatchLayer.m */; };
		077D502216AEFD55000941CC /* KWSessionManager.m in Sources */ = {isa = PBXBuildFile; fileRef = 077D502116AEFD55000941CC /* KWSessionManager.m */; };
		077D502616AF3698000941CC /* MSPlayer.m in Sources */ = {isa = PBXBuildFile; fileRef = 077D502516AF3698000941CC /* MSPlayer.m */; };
		077D502C16AF36DB000941CC /* MSMainLayer.m in Sources */ = {isa = PBXBuildFile; fileRef = 077D502B16AF36DA000941CC /* MSMainLayer.m */; };
		077D502F16AF36FF000941CC /* MSMainClientLayer.m in Sources */ = {isa = PBXBuildFile; fileRef = 077D502E16AF36FE000941CC /* MSMainClientLayer.m */; };
		077D503216AF3711000941CC /* MSMainServerLayer.m in Sources */ = {isa = PBXBuildFile; fileRef = 077D503116AF3711000941CC /* MSMainServerLayer.m */; };
		077D503516AF3C8B000941CC /* MSAngel.m in Sources */ = {isa = PBXBuildFile; fileRef = 077D503416AF3C8B000941CC /* MSAngel.m */; };
		0789617B16AF539A0094D334 /* background.jpg in Resources */ = {isa = PBXBuildFile; fileRef = 0789617A16AF539A0094D334 /* background.jpg */; };
		078961B316AF5E960094D334 /* MSPlayerState.m in Sources */ = {isa = PBXBuildFile; fileRef = 078961B216AF5E960094D334 /* MSPlayerState.m */; };
		078961B616AF63880094D334 /* background-hd.jpg in Resources */ = {isa = PBXBuildFile; fileRef = 078961B416AF63880094D334 /* background-hd.jpg */; };
		078961BA16AFA4EC0094D334 /* MSErrorLayer.m in Sources */ = {isa = PBXBuildFile; fileRef = 078961B916AFA4EB0094D334 /* MSErrorLayer.m */; };
		078961BD16AFAC2F0094D334 /* MSContainer.m in Sources */ = {isa = PBXBuildFile; fileRef = 078961BC16AFAC2F0094D334 /* MSContainer.m */; };
		07B6796716B322DD009C37D8 /* player0-hd.png in Resources */ = {isa = PBXBuildFile; fileRef = 07B6795F16B322DD009C37D8 /* player0-hd.png */; };
		07B6796816B322DD009C37D8 /* player0.png in Resources */ = {isa = PBXBuildFile; fileRef = 07B6796016B322DD009C37D8 /* player0.png */; };
		07B6796916B322DD009C37D8 /* player1-hd.png in Resources */ = {isa = PBXBuildFile; fileRef = 07B6796116B322DD009C37D8 /* player1-hd.png */; };
		07B6796A16B322DD009C37D8 /* player1.png in Resources */ = {isa = PBXBuildFile; fileRef = 07B6796216B322DD009C37D8 /* player1.png */; };
		07B6796B16B322DD009C37D8 /* player2-hd.png in Resources */ = {isa = PBXBuildFile; fileRef = 07B6796316B322DD009C37D8 /* player2-hd.png */; };
		07B6796C16B322DD009C37D8 /* player2.png in Resources */ = {isa = PBXBuildFile; fileRef = 07B6796416B322DD009C37D8 /* player2.png */; };
		07B6796D16B322DD009C37D8 /* rail0-hd.png in Resources */ = {isa = PBXBuildFile; fileRef = 07B6796516B322DD009C37D8 /* rail0-hd.png */; };
		07B6796E16B322DD009C37D8 /* rail0.png in Resources */ = {isa = PBXBuildFile; fileRef = 07B6796616B322DD009C37D8 /* rail0.png */; };
		07F414DE16B2FD050040F9A3 /* back-hd.png in Resources */ = {isa = PBXBuildFile; fileRef = 07F414DC16B2FD050040F9A3 /* back-hd.png */; };
		07F414DF16B2FD050040F9A3 /* back.png in Resources */ = {isa = PBXBuildFile; fileRef = 07F414DD16B2FD050040F9A3 /* back.png */; };
		07F414E216B316F80040F9A3 /* stage.lua in Resources */ = {isa = PBXBuildFile; fileRef = 07F414E116B316F80040F9A3 /* stage.lua */; };
		07F414E416B3194F0040F9A3 /* stage.txt in Resources */ = {isa = PBXBuildFile; fileRef = 07F414E316B3194F0040F9A3 /* stage.txt */; };
		07F4150316B31C860040F9A3 /* MSTile.m in Sources */ = {isa = PBXBuildFile; fileRef = 07F4150216B31C860040F9A3 /* MSTile.m */; };
		DC1BE6A014F417CC00F49D25 /* Ubuntu-B.ttf in Resources */ = {isa = PBXBuildFile; fileRef = DC1BE68C14F417CC00F49D25 /* Ubuntu-B.ttf */; };
		DC1BE6A114F417CC00F49D25 /* Ubuntu-BI.ttf in Resources */ = {isa = PBXBuildFile; fileRef = DC1BE68D14F417CC00F49D25 /* Ubuntu-BI.ttf */; };
		DC1BE6A214F417CC00F49D25 /* Ubuntu-C.ttf in Resources */ = {isa = PBXBuildFile; fileRef = DC1BE68E14F417CC00F49D25 /* Ubuntu-C.ttf */; };
		DC1BE6A314F417CC00F49D25 /* Ubuntu-L.ttf in Resources */ = {isa = PBXBuildFile; fileRef = DC1BE68F14F417CC00F49D25 /* Ubuntu-L.ttf */; };
		DC1BE6A414F417CC00F49D25 /* Ubuntu-LI.ttf in Resources */ = {isa = PBXBuildFile; fileRef = DC1BE69014F417CC00F49D25 /* Ubuntu-LI.ttf */; };
		DC1BE6A514F417CC00F49D25 /* Ubuntu-M.ttf in Resources */ = {isa = PBXBuildFile; fileRef = DC1BE69114F417CC00F49D25 /* Ubuntu-M.ttf */; };
		DC1BE6A614F417CC00F49D25 /* Ubuntu-MI.ttf in Resources */ = {isa = PBXBuildFile; fileRef = DC1BE69214F417CC00F49D25 /* Ubuntu-MI.ttf */; };
		DC1BE6A714F417CC00F49D25 /* Ubuntu-R.ttf in Resources */ = {isa = PBXBuildFile; fileRef = DC1BE69314F417CC00F49D25 /* Ubuntu-R.ttf */; };
		DC1BE6A814F417CC00F49D25 /* Ubuntu-RI.ttf in Resources */ = {isa = PBXBuildFile; fileRef = DC1BE69414F417CC00F49D25 /* Ubuntu-RI.ttf */; };
		DC1BE6A914F417CC00F49D25 /* UbuntuMono-B.ttf in Resources */ = {isa = PBXBuildFile; fileRef = DC1BE69514F417CC00F49D25 /* UbuntuMono-B.ttf */; };
		DC1BE6AA14F417CC00F49D25 /* UbuntuMono-BI.ttf in Resources */ = {isa = PBXBuildFile; fileRef = DC1BE69614F417CC00F49D25 /* UbuntuMono-BI.ttf */; };
		DC1BE6AB14F417CC00F49D25 /* UbuntuMono-R.ttf in Resources */ = {isa = PBXBuildFile; fileRef = DC1BE69714F417CC00F49D25 /* UbuntuMono-R.ttf */; };
		DC1BE6AC14F417CC00F49D25 /* UbuntuMono-RI.ttf in Resources */ = {isa = PBXBuildFile; fileRef = DC1BE69814F417CC00F49D25 /* UbuntuMono-RI.ttf */; };
		DC26D6DA14B9F2C600B6002E /* fps_images-hd.png in Resources */ = {isa = PBXBuildFile; fileRef = DC26D6D914B9F2C600B6002E /* fps_images-hd.png */; };
		DC26D6DB14B9F2C600B6002E /* fps_images-hd.png in Resources */ = {isa = PBXBuildFile; fileRef = DC26D6D914B9F2C600B6002E /* fps_images-hd.png */; };
		DC2721A2160CAEB600D88944 /* Default-568h@2x.png in Resources */ = {isa = PBXBuildFile; fileRef = DC2721A1160CAEB600D88944 /* Default-568h@2x.png */; };
		DC2721AA160CAFC700D88944 /* iTunesArtwork in Resources */ = {isa = PBXBuildFile; fileRef = DC2721A9160CAFC700D88944 /* iTunesArtwork */; };
		DC275D2B13B27DBF009C5098 /* Pow.caf in Resources */ = {isa = PBXBuildFile; fileRef = DC275D2A13B27DBF009C5098 /* Pow.caf */; };
		DC275D2C13B27DBF009C5098 /* Pow.caf in Resources */ = {isa = PBXBuildFile; fileRef = DC275D2A13B27DBF009C5098 /* Pow.caf */; };
		DC485B1113AA0E5600F2BC70 /* libchipmunk-mac.a in Frameworks */ = {isa = PBXBuildFile; fileRef = DC485B0D13AA0E5600F2BC70 /* libchipmunk-mac.a */; };
		DC485B1713AA0EBB00F2BC70 /* libbox2d-mac.a in Frameworks */ = {isa = PBXBuildFile; fileRef = DC485B1613AA0EBB00F2BC70 /* libbox2d-mac.a */; };
		DC485B4613AA18A600F2BC70 /* libcocosdenshion-mac.a in Frameworks */ = {isa = PBXBuildFile; fileRef = DC485B4513AA18A600F2BC70 /* libcocosdenshion-mac.a */; };
		DC485B4813AA194F00F2BC70 /* ship.png in Resources */ = {isa = PBXBuildFile; fileRef = DC485B4713AA194F00F2BC70 /* ship.png */; };
		DC485B4913AA194F00F2BC70 /* ship.png in Resources */ = {isa = PBXBuildFile; fileRef = DC485B4713AA194F00F2BC70 /* ship.png */; };
		DC485B4B13AA1C0E00F2BC70 /* ship-hd.png in Resources */ = {isa = PBXBuildFile; fileRef = DC485B4A13AA1C0E00F2BC70 /* ship-hd.png */; };
		DC485B4C13AA1C0E00F2BC70 /* ship-hd.png in Resources */ = {isa = PBXBuildFile; fileRef = DC485B4A13AA1C0E00F2BC70 /* ship-hd.png */; };
		DC65615C13A969B600A7AC53 /* libbox2d-ios.a in Frameworks */ = {isa = PBXBuildFile; fileRef = DC65615013A969B600A7AC53 /* libbox2d-ios.a */; };
		DC65615D13A969B600A7AC53 /* libchipmunk-ios.a in Frameworks */ = {isa = PBXBuildFile; fileRef = DC65615113A969B600A7AC53 /* libchipmunk-ios.a */; };
		DC65615E13A969B600A7AC53 /* libchipmunk-spacemanager-ios.a in Frameworks */ = {isa = PBXBuildFile; fileRef = DC65615213A969B600A7AC53 /* libchipmunk-spacemanager-ios.a */; };
		DC65616013A969B600A7AC53 /* libcocos2d-extensions-ios.a in Frameworks */ = {isa = PBXBuildFile; fileRef = DC65615413A969B600A7AC53 /* libcocos2d-extensions-ios.a */; };
		DC65616113A969B600A7AC53 /* libcocos2d-ios.a in Frameworks */ = {isa = PBXBuildFile; fileRef = DC65615513A969B600A7AC53 /* libcocos2d-ios.a */; };
		DC65616213A969B600A7AC53 /* libcocos3d-ios.a in Frameworks */ = {isa = PBXBuildFile; fileRef = DC65615613A969B600A7AC53 /* libcocos3d-ios.a */; };
		DC65616313A969B600A7AC53 /* libcocosdenshion-ios.a in Frameworks */ = {isa = PBXBuildFile; fileRef = DC65615713A969B600A7AC53 /* libcocosdenshion-ios.a */; };
		DC65616413A969B600A7AC53 /* libkobold2d-ios.a in Frameworks */ = {isa = PBXBuildFile; fileRef = DC65615813A969B600A7AC53 /* libkobold2d-ios.a */; };
		DC65616513A969B600A7AC53 /* libobjectal-ios.a in Frameworks */ = {isa = PBXBuildFile; fileRef = DC65615913A969B600A7AC53 /* libobjectal-ios.a */; };
		DC65616613A969B600A7AC53 /* libsneakyinput-ios.a in Frameworks */ = {isa = PBXBuildFile; fileRef = DC65615A13A969B600A7AC53 /* libsneakyinput-ios.a */; };
		DC65617315114B4A00E59F8A /* fps_images-ipadhd.png in Resources */ = {isa = PBXBuildFile; fileRef = DC65617215114B4A00E59F8A /* fps_images-ipadhd.png */; };
		DC979E3E13B35F8800656CB9 /* libcocos2d-extensions-mac.a in Frameworks */ = {isa = PBXBuildFile; fileRef = DC979E3D13B35F8800656CB9 /* libcocos2d-extensions-mac.a */; };
		DC979E5A13B3607E00656CB9 /* libchipmunk-spacemanager-mac.a in Frameworks */ = {isa = PBXBuildFile; fileRef = DC979E5913B3607E00656CB9 /* libchipmunk-spacemanager-mac.a */; };
		DCC1A0FA13A94ED5005BD75D /* Default.png in Resources */ = {isa = PBXBuildFile; fileRef = DCC1A0F913A94ED5005BD75D /* Default.png */; };
		DCC1A0FC13A94ED5005BD75D /* fps_images.png in Resources */ = {isa = PBXBuildFile; fileRef = DCC1A0FB13A94ED5005BD75D /* fps_images.png */; };
		DCC1A0FE13A94ED5005BD75D /* Icon-72.png in Resources */ = {isa = PBXBuildFile; fileRef = DCC1A0FD13A94ED5005BD75D /* Icon-72.png */; };
		DCC1A10013A94ED5005BD75D /* Icon-Small-50.png in Resources */ = {isa = PBXBuildFile; fileRef = DCC1A0FF13A94ED5005BD75D /* Icon-Small-50.png */; };
		DCC1A10213A94ED5005BD75D /* Icon-Small.png in Resources */ = {isa = PBXBuildFile; fileRef = DCC1A10113A94ED5005BD75D /* Icon-Small.png */; };
		DCC1A10413A94ED5005BD75D /* Icon-Small@2x.png in Resources */ = {isa = PBXBuildFile; fileRef = DCC1A10313A94ED5005BD75D /* Icon-Small@2x.png */; };
		DCC1A10613A94ED5005BD75D /* Icon.png in Resources */ = {isa = PBXBuildFile; fileRef = DCC1A10513A94ED5005BD75D /* Icon.png */; };
		DCC1A10813A94ED5005BD75D /* Icon@2x.png in Resources */ = {isa = PBXBuildFile; fileRef = DCC1A10713A94ED5005BD75D /* Icon@2x.png */; };
		DCC1A26913A94EE6005BD75D /* InfoPlist.strings in Resources */ = {isa = PBXBuildFile; fileRef = DCC1A26713A94EE6005BD75D /* InfoPlist.strings */; };
		DCC1A26C13A94EE6005BD75D /* MainMenu.xib in Resources */ = {isa = PBXBuildFile; fileRef = DCC1A26A13A94EE6005BD75D /* MainMenu.xib */; };
		DCC1A26E13A94EE6005BD75D /* fps_images.png in Resources */ = {isa = PBXBuildFile; fileRef = DCC1A26D13A94EE6005BD75D /* fps_images.png */; };
		DCC1A27013A94EE6005BD75D /* icon.icns in Resources */ = {isa = PBXBuildFile; fileRef = DCC1A26F13A94EE6005BD75D /* icon.icns */; };
		DCC1A3A913A94F1A005BD75D /* AppDelegate.m in Sources */ = {isa = PBXBuildFile; fileRef = DCC1A38E13A94F1A005BD75D /* AppDelegate.m */; };
		DCC1A3AA13A94F1A005BD75D /* AppDelegate.m in Sources */ = {isa = PBXBuildFile; fileRef = DCC1A38E13A94F1A005BD75D /* AppDelegate.m */; };
		DCC1A3AB13A94F1A005BD75D /* HelloWorldLayer.m in Sources */ = {isa = PBXBuildFile; fileRef = DCC1A39013A94F1A005BD75D /* HelloWorldLayer.m */; };
		DCC1A3AC13A94F1A005BD75D /* HelloWorldLayer.m in Sources */ = {isa = PBXBuildFile; fileRef = DCC1A39013A94F1A005BD75D /* HelloWorldLayer.m */; };
		DCC1A3AD13A94F1A005BD75D /* main.m in Sources */ = {isa = PBXBuildFile; fileRef = DCC1A39113A94F1A005BD75D /* main.m */; };
		DCC1A3AE13A94F1A005BD75D /* main.m in Sources */ = {isa = PBXBuildFile; fileRef = DCC1A39113A94F1A005BD75D /* main.m */; };
		DCC1A3AF13A94F1A005BD75D /* config.lua in Resources */ = {isa = PBXBuildFile; fileRef = DCC1A39513A94F1A005BD75D /* config.lua */; };
		DCC1A3B013A94F1A005BD75D /* config.lua in Resources */ = {isa = PBXBuildFile; fileRef = DCC1A39513A94F1A005BD75D /* config.lua */; };
		DCF95CD213A97EC500AE3B80 /* libcocos2d-mac.a in Frameworks */ = {isa = PBXBuildFile; fileRef = DCF95CC913A97EC500AE3B80 /* libcocos2d-mac.a */; };
		DCF95CD413A97EC500AE3B80 /* libkobold2d-mac.a in Frameworks */ = {isa = PBXBuildFile; fileRef = DCF95CCB13A97EC500AE3B80 /* libkobold2d-mac.a */; };
/* End PBXBuildFile section */

/* Begin PBXFileReference section */
		070E638F16B2EAC9004ABC0C /* MSMapLoader.h */ = {isa = PBXFileReference; fileEncoding = 4; lastKnownFileType = sourcecode.c.h; name = MSMapLoader.h; path = Model/MSMapLoader.h; sourceTree = "<group>"; };
		070E639016B2EAC9004ABC0C /* MSMapLoader.m */ = {isa = PBXFileReference; fileEncoding = 4; lastKnownFileType = sourcecode.c.objc; name = MSMapLoader.m; path = Model/MSMapLoader.m; sourceTree = "<group>"; };
		07619E8F16B17938001E5EA1 /* grass.jpg */ = {isa = PBXFileReference; lastKnownFileType = image.jpeg; path = grass.jpg; sourceTree = "<group>"; };
		07619E9116B17BD7001E5EA1 /* sky-hd.png */ = {isa = PBXFileReference; lastKnownFileType = image.png; path = "sky-hd.png"; sourceTree = "<group>"; };
		077D4F9416AEE59E000941CC /* .gitignore */ = {isa = PBXFileReference; fileEncoding = 4; lastKnownFileType = text; path = .gitignore; sourceTree = "<group>"; };
		077D4F9716AEE59E000941CC /* KWLoopAudioTrack.h */ = {isa = PBXFileReference; fileEncoding = 4; lastKnownFileType = sourcecode.c.h; path = KWLoopAudioTrack.h; sourceTree = "<group>"; };
		077D4F9816AEE59E000941CC /* KWLoopAudioTrack.m */ = {isa = PBXFileReference; fileEncoding = 4; lastKnownFileType = sourcecode.c.objc; path = KWLoopAudioTrack.m; sourceTree = "<group>"; };
		077D4F9916AEE59E000941CC /* KWMusicManager.h */ = {isa = PBXFileReference; fileEncoding = 4; lastKnownFileType = sourcecode.c.h; path = KWMusicManager.h; sourceTree = "<group>"; };
		077D4F9A16AEE59E000941CC /* KWMusicManager.m */ = {isa = PBXFileReference; fileEncoding = 4; lastKnownFileType = sourcecode.c.objc; path = KWMusicManager.m; sourceTree = "<group>"; };
		077D4F9B16AEE59E000941CC /* heqet.h */ = {isa = PBXFileReference; fileEncoding = 4; lastKnownFileType = sourcecode.c.h; path = heqet.h; sourceTree = "<group>"; };
		077D4F9D16AEE59E000941CC /* tinymt32.c */ = {isa = PBXFileReference; fileEncoding = 4; lastKnownFileType = sourcecode.c.c; path = tinymt32.c; sourceTree = "<group>"; };
		077D4F9E16AEE59E000941CC /* tinymt32.h */ = {isa = PBXFileReference; fileEncoding = 4; lastKnownFileType = sourcecode.c.h; path = tinymt32.h; sourceTree = "<group>"; };
		077D4FA016AEE59E000941CC /* kawaz-hd.png */ = {isa = PBXFileReference; lastKnownFileType = image.png; path = "kawaz-hd.png"; sourceTree = "<group>"; };
		077D4FA116AEE59E000941CC /* kawaz-ipad.png */ = {isa = PBXFileReference; lastKnownFileType = image.png; path = "kawaz-ipad.png"; sourceTree = "<group>"; };
		077D4FA216AEE59E000941CC /* kawaz.png */ = {isa = PBXFileReference; lastKnownFileType = image.png; path = kawaz.png; sourceTree = "<group>"; };
		077D4FA416AEE59E000941CC /* KWLayer.h */ = {isa = PBXFileReference; fileEncoding = 4; lastKnownFileType = sourcecode.c.h; path = KWLayer.h; sourceTree = "<group>"; };
		077D4FA516AEE59E000941CC /* KWLayer.m */ = {isa = PBXFileReference; fileEncoding = 4; lastKnownFileType = sourcecode.c.objc; path = KWLayer.m; sourceTree = "<group>"; };
		077D4FA616AEE59E000941CC /* KWState.h */ = {isa = PBXFileReference; fileEncoding = 4; lastKnownFileType = sourcecode.c.h; path = KWState.h; sourceTree = "<group>"; };
		077D4FA716AEE59E000941CC /* KWState.m */ = {isa = PBXFileReference; fileEncoding = 4; lastKnownFileType = sourcecode.c.objc; path = KWState.m; sourceTree = "<group>"; };
		077D4FA816AEE59E000941CC /* KWStateManager.h */ = {isa = PBXFileReference; fileEncoding = 4; lastKnownFileType = sourcecode.c.h; path = KWStateManager.h; sourceTree = "<group>"; };
		077D4FA916AEE59E000941CC /* KWStateManager.m */ = {isa = PBXFileReference; fileEncoding = 4; lastKnownFileType = sourcecode.c.objc; path = KWStateManager.m; sourceTree = "<group>"; };
		077D4FAD16AEE59E000941CC /* CCSuicide.h */ = {isa = PBXFileReference; fileEncoding = 4; lastKnownFileType = sourcecode.c.h; path = CCSuicide.h; sourceTree = "<group>"; };
		077D4FAE16AEE59E000941CC /* CCSuicide.m */ = {isa = PBXFileReference; fileEncoding = 4; lastKnownFileType = sourcecode.c.objc; path = CCSuicide.m; sourceTree = "<group>"; };
		077D4FAF16AEE59E000941CC /* KWAnimation.h */ = {isa = PBXFileReference; fileEncoding = 4; lastKnownFileType = sourcecode.c.h; path = KWAnimation.h; sourceTree = "<group>"; };
		077D4FB016AEE59E000941CC /* KWAnimation.m */ = {isa = PBXFileReference; fileEncoding = 4; lastKnownFileType = sourcecode.c.objc; path = KWAnimation.m; sourceTree = "<group>"; };
		077D4FB116AEE59E000941CC /* KWGauge.h */ = {isa = PBXFileReference; fileEncoding = 4; lastKnownFileType = sourcecode.c.h; path = KWGauge.h; sourceTree = "<group>"; };
		077D4FB216AEE59E000941CC /* KWGauge.m */ = {isa = PBXFileReference; fileEncoding = 4; lastKnownFileType = sourcecode.c.objc; path = KWGauge.m; sourceTree = "<group>"; };
		077D4FB316AEE59E000941CC /* KWMessageWindow.h */ = {isa = PBXFileReference; fileEncoding = 4; lastKnownFileType = sourcecode.c.h; path = KWMessageWindow.h; sourceTree = "<group>"; };
		077D4FB416AEE59E000941CC /* KWMessageWindow.m */ = {isa = PBXFileReference; fileEncoding = 4; lastKnownFileType = sourcecode.c.objc; path = KWMessageWindow.m; sourceTree = "<group>"; };
		077D4FB516AEE59E000941CC /* KWMessageWindowDelegate.h */ = {isa = PBXFileReference; fileEncoding = 4; lastKnownFileType = sourcecode.c.h; path = KWMessageWindowDelegate.h; sourceTree = "<group>"; };
		077D4FB816AEE59E000941CC /* KWScrollLayer.h */ = {isa = PBXFileReference; fileEncoding = 4; lastKnownFileType = sourcecode.c.h; path = KWScrollLayer.h; sourceTree = "<group>"; };
		077D4FB916AEE59E000941CC /* KWScrollLayer.m */ = {isa = PBXFileReference; fileEncoding = 4; lastKnownFileType = sourcecode.c.objc; path = KWScrollLayer.m; sourceTree = "<group>"; };
		077D4FBA16AEE59E000941CC /* KWShadowLabelTTF.h */ = {isa = PBXFileReference; fileEncoding = 4; lastKnownFileType = sourcecode.c.h; path = KWShadowLabelTTF.h; sourceTree = "<group>"; };
		077D4FBB16AEE59E000941CC /* KWShadowLabelTTF.m */ = {isa = PBXFileReference; fileEncoding = 4; lastKnownFileType = sourcecode.c.objc; path = KWShadowLabelTTF.m; sourceTree = "<group>"; };
		077D4FBC16AEE59E000941CC /* KWTimerLabel.h */ = {isa = PBXFileReference; fileEncoding = 4; lastKnownFileType = sourcecode.c.h; path = KWTimerLabel.h; sourceTree = "<group>"; };
		077D4FBD16AEE59E000941CC /* KWTimerLabel.m */ = {isa = PBXFileReference; fileEncoding = 4; lastKnownFileType = sourcecode.c.objc; path = KWTimerLabel.m; sourceTree = "<group>"; };
		077D4FBF16AEE59E000941CC /* KWLogoLayer.h */ = {isa = PBXFileReference; fileEncoding = 4; lastKnownFileType = sourcecode.c.h; path = KWLogoLayer.h; sourceTree = "<group>"; };
		077D4FC016AEE59E000941CC /* KWLogoLayer.m */ = {isa = PBXFileReference; fileEncoding = 4; lastKnownFileType = sourcecode.c.objc; path = KWLogoLayer.m; sourceTree = "<group>"; };
		077D4FC216AEE59E000941CC /* KWDrawingPrimitives.h */ = {isa = PBXFileReference; fileEncoding = 4; lastKnownFileType = sourcecode.c.h; path = KWDrawingPrimitives.h; sourceTree = "<group>"; };
		077D4FC316AEE59E000941CC /* KWDrawingPrimitives.m */ = {isa = PBXFileReference; fileEncoding = 4; lastKnownFileType = sourcecode.c.objc; path = KWDrawingPrimitives.m; sourceTree = "<group>"; };
		077D4FC416AEE59E000941CC /* KWRandom.h */ = {isa = PBXFileReference; fileEncoding = 4; lastKnownFileType = sourcecode.c.h; path = KWRandom.h; sourceTree = "<group>"; };
		077D4FC516AEE59E000941CC /* KWRandom.m */ = {isa = PBXFileReference; fileEncoding = 4; lastKnownFileType = sourcecode.c.objc; path = KWRandom.m; sourceTree = "<group>"; };
		077D4FC616AEE59E000941CC /* KWSingleton.h */ = {isa = PBXFileReference; fileEncoding = 4; lastKnownFileType = sourcecode.c.h; path = KWSingleton.h; sourceTree = "<group>"; };
		077D4FC716AEE59E000941CC /* KWSingleton.m */ = {isa = PBXFileReference; fileEncoding = 4; lastKnownFileType = sourcecode.c.objc; path = KWSingleton.m; sourceTree = "<group>"; };
		077D4FC816AEE59E000941CC /* KWTimer.h */ = {isa = PBXFileReference; fileEncoding = 4; lastKnownFileType = sourcecode.c.h; path = KWTimer.h; sourceTree = "<group>"; };
		077D4FC916AEE59E000941CC /* KWTimer.m */ = {isa = PBXFileReference; fileEncoding = 4; lastKnownFileType = sourcecode.c.objc; path = KWTimer.m; sourceTree = "<group>"; };
		077D4FCA16AEE59E000941CC /* KWUtility.h */ = {isa = PBXFileReference; fileEncoding = 4; lastKnownFileType = sourcecode.c.h; path = KWUtility.h; sourceTree = "<group>"; };
		077D4FCB16AEE59E000941CC /* KWUtility.m */ = {isa = PBXFileReference; fileEncoding = 4; lastKnownFileType = sourcecode.c.objc; path = KWUtility.m; sourceTree = "<group>"; };
		077D4FCC16AEE59E000941CC /* KWVector.h */ = {isa = PBXFileReference; fileEncoding = 4; lastKnownFileType = sourcecode.c.h; path = KWVector.h; sourceTree = "<group>"; };
		077D4FCD16AEE59E000941CC /* KWVector.m */ = {isa = PBXFileReference; fileEncoding = 4; lastKnownFileType = sourcecode.c.objc; path = KWVector.m; sourceTree = "<group>"; };
		077D4FCE16AEE59E000941CC /* NSArrayExtension.h */ = {isa = PBXFileReference; fileEncoding = 4; lastKnownFileType = sourcecode.c.h; path = NSArrayExtension.h; sourceTree = "<group>"; };
		077D4FCF16AEE59E000941CC /* NSArrayExtension.m */ = {isa = PBXFileReference; fileEncoding = 4; lastKnownFileType = sourcecode.c.objc; path = NSArrayExtension.m; sourceTree = "<group>"; };
		077D4FD216AEE59E000941CC /* add_ipad_suffix.py */ = {isa = PBXFileReference; fileEncoding = 4; lastKnownFileType = text.script.python; path = add_ipad_suffix.py; sourceTree = "<group>"; };
		077D4FD316AEE59E000941CC /* graphic_converter.py */ = {isa = PBXFileReference; fileEncoding = 4; lastKnownFileType = text.script.python; path = graphic_converter.py; sourceTree = "<group>"; };
		077D4FD416AEE59E000941CC /* sound_converter.py */ = {isa = PBXFileReference; fileEncoding = 4; lastKnownFileType = text.script.python; path = sound_converter.py; sourceTree = "<group>"; };
		077D4FF416AEE5E1000941CC /* KWMovieLogoLayer.h */ = {isa = PBXFileReference; fileEncoding = 4; lastKnownFileType = sourcecode.c.h; path = KWMovieLogoLayer.h; sourceTree = "<group>"; };
		077D4FF516AEE5E1000941CC /* KWMovieLogoLayer.m */ = {isa = PBXFileReference; fileEncoding = 4; lastKnownFileType = sourcecode.c.objc; path = KWMovieLogoLayer.m; sourceTree = "<group>"; };
		077D4FF816AEED63000941CC /* CCVideoPlayer.h */ = {isa = PBXFileReference; fileEncoding = 4; lastKnownFileType = sourcecode.c.h; path = CCVideoPlayer.h; sourceTree = "<group>"; };
		077D4FF916AEED63000941CC /* CCVideoPlayer.m */ = {isa = PBXFileReference; fileEncoding = 4; lastKnownFileType = sourcecode.c.objc; path = CCVideoPlayer.m; sourceTree = "<group>"; };
		077D4FFB16AEED63000941CC /* CCVideoPlayerImpliOS.h */ = {isa = PBXFileReference; fileEncoding = 4; lastKnownFileType = sourcecode.c.h; path = CCVideoPlayerImpliOS.h; sourceTree = "<group>"; };
		077D4FFC16AEED63000941CC /* CCVideoPlayerImpliOS.m */ = {isa = PBXFileReference; fileEncoding = 4; lastKnownFileType = sourcecode.c.objc; path = CCVideoPlayerImpliOS.m; sourceTree = "<group>"; };
		077D4FFD16AEED63000941CC /* videoOverlayView.h */ = {isa = PBXFileReference; fileEncoding = 4; lastKnownFileType = sourcecode.c.h; path = videoOverlayView.h; sourceTree = "<group>"; };
		077D4FFE16AEED63000941CC /* videoOverlayView.m */ = {isa = PBXFileReference; fileEncoding = 4; lastKnownFileType = sourcecode.c.objc; path = videoOverlayView.m; sourceTree = "<group>"; };
		077D500516AEED63000941CC /* README.md */ = {isa = PBXFileReference; fileEncoding = 4; lastKnownFileType = text; path = README.md; sourceTree = "<group>"; };
		077D500E16AEF008000941CC /* MSLogoLayer.h */ = {isa = PBXFileReference; fileEncoding = 4; lastKnownFileType = sourcecode.c.h; name = MSLogoLayer.h; path = Scene/MSLogoLayer.h; sourceTree = "<group>"; };
		077D500F16AEF008000941CC /* MSLogoLayer.m */ = {isa = PBXFileReference; fileEncoding = 4; lastKnownFileType = sourcecode.c.objc; name = MSLogoLayer.m; path = Scene/MSLogoLayer.m; sourceTree = "<group>"; };
		077D501116AEF4AD000941CC /* kawaz.mp4 */ = {isa = PBXFileReference; lastKnownFileType = file; path = kawaz.mp4; sourceTree = "<group>"; };
		077D501216AEF5AF000941CC /* MediaPlayer.framework */ = {isa = PBXFileReference; lastKnownFileType = wrapper.framework; name = MediaPlayer.framework; path = Platforms/iPhoneOS.platform/Developer/SDKs/iPhoneOS6.0.sdk/System/Library/Frameworks/MediaPlayer.framework; sourceTree = DEVELOPER_DIR; };
		077D501516AEF852000941CC /* MSTitleLayer.h */ = {isa = PBXFileReference; fileEncoding = 4; lastKnownFileType = sourcecode.c.h; name = MSTitleLayer.h; path = Scene/MSTitleLayer.h; sourceTree = "<group>"; };
		077D501616AEF852000941CC /* MSTitleLayer.m */ = {isa = PBXFileReference; fileEncoding = 4; lastKnownFileType = sourcecode.c.objc; name = MSTitleLayer.m; path = Scene/MSTitleLayer.m; sourceTree = "<group>"; };
		077D501816AEF89F000941CC /* MSMatchLayer.h */ = {isa = PBXFileReference; fileEncoding = 4; lastKnownFileType = sourcecode.c.h; path = MSMatchLayer.h; sourceTree = "<group>"; };
		077D501916AEF89F000941CC /* MSMatchLayer.m */ = {isa = PBXFileReference; fileEncoding = 4; lastKnownFileType = sourcecode.c.objc; path = MSMatchLayer.m; sourceTree = "<group>"; };
		077D502016AEFD55000941CC /* KWSessionManager.h */ = {isa = PBXFileReference; fileEncoding = 4; lastKnownFileType = sourcecode.c.h; path = KWSessionManager.h; sourceTree = "<group>"; };
		077D502116AEFD55000941CC /* KWSessionManager.m */ = {isa = PBXFileReference; fileEncoding = 4; lastKnownFileType = sourcecode.c.objc; path = KWSessionManager.m; sourceTree = "<group>"; };
		077D502316AF0A57000941CC /* KWSessionDelegate.h */ = {isa = PBXFileReference; lastKnownFileType = sourcecode.c.h; path = KWSessionDelegate.h; sourceTree = "<group>"; };
		077D502416AF3698000941CC /* MSPlayer.h */ = {isa = PBXFileReference; fileEncoding = 4; lastKnownFileType = sourcecode.c.h; name = MSPlayer.h; path = Model/MSPlayer.h; sourceTree = "<group>"; };
		077D502516AF3698000941CC /* MSPlayer.m */ = {isa = PBXFileReference; fileEncoding = 4; lastKnownFileType = sourcecode.c.objc; name = MSPlayer.m; path = Model/MSPlayer.m; sourceTree = "<group>"; };
		077D502A16AF36DA000941CC /* MSMainLayer.h */ = {isa = PBXFileReference; fileEncoding = 4; lastKnownFileType = sourcecode.c.h; name = MSMainLayer.h; path = Scene/MSMainLayer.h; sourceTree = "<group>"; };
		077D502B16AF36DA000941CC /* MSMainLayer.m */ = {isa = PBXFileReference; fileEncoding = 4; lastKnownFileType = sourcecode.c.objc; name = MSMainLayer.m; path = Scene/MSMainLayer.m; sourceTree = "<group>"; };
		077D502D16AF36FE000941CC /* MSMainClientLayer.h */ = {isa = PBXFileReference; fileEncoding = 4; lastKnownFileType = sourcecode.c.h; name = MSMainClientLayer.h; path = Scene/MSMainClientLayer.h; sourceTree = "<group>"; };
		077D502E16AF36FE000941CC /* MSMainClientLayer.m */ = {isa = PBXFileReference; fileEncoding = 4; lastKnownFileType = sourcecode.c.objc; name = MSMainClientLayer.m; path = Scene/MSMainClientLayer.m; sourceTree = "<group>"; };
		077D503016AF3710000941CC /* MSMainServerLayer.h */ = {isa = PBXFileReference; fileEncoding = 4; lastKnownFileType = sourcecode.c.h; name = MSMainServerLayer.h; path = Scene/MSMainServerLayer.h; sourceTree = "<group>"; };
		077D503116AF3711000941CC /* MSMainServerLayer.m */ = {isa = PBXFileReference; fileEncoding = 4; lastKnownFileType = sourcecode.c.objc; name = MSMainServerLayer.m; path = Scene/MSMainServerLayer.m; sourceTree = "<group>"; };
		077D503316AF3C8B000941CC /* MSAngel.h */ = {isa = PBXFileReference; fileEncoding = 4; lastKnownFileType = sourcecode.c.h; name = MSAngel.h; path = Model/MSAngel.h; sourceTree = "<group>"; };
		077D503416AF3C8B000941CC /* MSAngel.m */ = {isa = PBXFileReference; fileEncoding = 4; lastKnownFileType = sourcecode.c.objc; name = MSAngel.m; path = Model/MSAngel.m; sourceTree = "<group>"; };
		0789617A16AF539A0094D334 /* background.jpg */ = {isa = PBXFileReference; lastKnownFileType = image.jpeg; path = background.jpg; sourceTree = "<group>"; };
		078961B116AF5E960094D334 /* MSPlayerState.h */ = {isa = PBXFileReference; fileEncoding = 4; lastKnownFileType = sourcecode.c.h; name = MSPlayerState.h; path = Model/MSPlayerState.h; sourceTree = "<group>"; };
		078961B216AF5E960094D334 /* MSPlayerState.m */ = {isa = PBXFileReference; fileEncoding = 4; lastKnownFileType = sourcecode.c.objc; name = MSPlayerState.m; path = Model/MSPlayerState.m; sourceTree = "<group>"; };
		078961B416AF63880094D334 /* background-hd.jpg */ = {isa = PBXFileReference; lastKnownFileType = image.jpeg; path = "background-hd.jpg"; sourceTree = "<group>"; };
		078961B816AFA4EB0094D334 /* MSErrorLayer.h */ = {isa = PBXFileReference; fileEncoding = 4; lastKnownFileType = sourcecode.c.h; name = MSErrorLayer.h; path = Scene/MSErrorLayer.h; sourceTree = "<group>"; };
		078961B916AFA4EB0094D334 /* MSErrorLayer.m */ = {isa = PBXFileReference; fileEncoding = 4; lastKnownFileType = sourcecode.c.objc; name = MSErrorLayer.m; path = Scene/MSErrorLayer.m; sourceTree = "<group>"; };
		078961BB16AFAC2F0094D334 /* MSContainer.h */ = {isa = PBXFileReference; fileEncoding = 4; lastKnownFileType = sourcecode.c.h; name = MSContainer.h; path = Model/MSContainer.h; sourceTree = "<group>"; };
		078961BC16AFAC2F0094D334 /* MSContainer.m */ = {isa = PBXFileReference; fileEncoding = 4; lastKnownFileType = sourcecode.c.objc; name = MSContainer.m; path = Model/MSContainer.m; sourceTree = "<group>"; };
		07B6795F16B322DD009C37D8 /* player0-hd.png */ = {isa = PBXFileReference; lastKnownFileType = image.png; name = "player0-hd.png"; path = "Image/player0-hd.png"; sourceTree = "<group>"; };
		07B6796016B322DD009C37D8 /* player0.png */ = {isa = PBXFileReference; lastKnownFileType = image.png; name = player0.png; path = Image/player0.png; sourceTree = "<group>"; };
		07B6796116B322DD009C37D8 /* player1-hd.png */ = {isa = PBXFileReference; lastKnownFileType = image.png; name = "player1-hd.png"; path = "Image/player1-hd.png"; sourceTree = "<group>"; };
		07B6796216B322DD009C37D8 /* player1.png */ = {isa = PBXFileReference; lastKnownFileType = image.png; name = player1.png; path = Image/player1.png; sourceTree = "<group>"; };
		07B6796316B322DD009C37D8 /* player2-hd.png */ = {isa = PBXFileReference; lastKnownFileType = image.png; name = "player2-hd.png"; path = "Image/player2-hd.png"; sourceTree = "<group>"; };
		07B6796416B322DD009C37D8 /* player2.png */ = {isa = PBXFileReference; lastKnownFileType = image.png; name = player2.png; path = Image/player2.png; sourceTree = "<group>"; };
		07B6796516B322DD009C37D8 /* rail0-hd.png */ = {isa = PBXFileReference; lastKnownFileType = image.png; name = "rail0-hd.png"; path = "Image/rail0-hd.png"; sourceTree = "<group>"; };
		07B6796616B322DD009C37D8 /* rail0.png */ = {isa = PBXFileReference; lastKnownFileType = image.png; name = rail0.png; path = Image/rail0.png; sourceTree = "<group>"; };
		07F414DC16B2FD050040F9A3 /* back-hd.png */ = {isa = PBXFileReference; lastKnownFileType = image.png; name = "back-hd.png"; path = "Image/back-hd.png"; sourceTree = "<group>"; };
		07F414DD16B2FD050040F9A3 /* back.png */ = {isa = PBXFileReference; lastKnownFileType = image.png; name = back.png; path = Image/back.png; sourceTree = "<group>"; };
		07F414E116B316F80040F9A3 /* stage.lua */ = {isa = PBXFileReference; fileEncoding = 4; lastKnownFileType = text; name = stage.lua; path = Map/stage.lua; sourceTree = "<group>"; };
		07F414E316B3194F0040F9A3 /* stage.txt */ = {isa = PBXFileReference; fileEncoding = 4; lastKnownFileType = text; name = stage.txt; path = Map/stage.txt; sourceTree = "<group>"; };
		07F4150116B31C850040F9A3 /* MSTile.h */ = {isa = PBXFileReference; fileEncoding = 4; lastKnownFileType = sourcecode.c.h; name = MSTile.h; path = Model/MSTile.h; sourceTree = "<group>"; };
		07F4150216B31C860040F9A3 /* MSTile.m */ = {isa = PBXFileReference; fileEncoding = 4; lastKnownFileType = sourcecode.c.objc; name = MSTile.m; path = Model/MSTile.m; sourceTree = "<group>"; };
		DC1BE68614F417CC00F49D25 /* copyright.txt */ = {isa = PBXFileReference; fileEncoding = 4; lastKnownFileType = text; path = copyright.txt; sourceTree = "<group>"; };
		DC1BE68914F417CC00F49D25 /* LICENCE.txt */ = {isa = PBXFileReference; fileEncoding = 4; lastKnownFileType = text; path = LICENCE.txt; sourceTree = "<group>"; };
		DC1BE68C14F417CC00F49D25 /* Ubuntu-B.ttf */ = {isa = PBXFileReference; lastKnownFileType = file; path = "Ubuntu-B.ttf"; sourceTree = "<group>"; };
		DC1BE68D14F417CC00F49D25 /* Ubuntu-BI.ttf */ = {isa = PBXFileReference; lastKnownFileType = file; path = "Ubuntu-BI.ttf"; sourceTree = "<group>"; };
		DC1BE68E14F417CC00F49D25 /* Ubuntu-C.ttf */ = {isa = PBXFileReference; lastKnownFileType = file; path = "Ubuntu-C.ttf"; sourceTree = "<group>"; };
		DC1BE68F14F417CC00F49D25 /* Ubuntu-L.ttf */ = {isa = PBXFileReference; lastKnownFileType = file; path = "Ubuntu-L.ttf"; sourceTree = "<group>"; };
		DC1BE69014F417CC00F49D25 /* Ubuntu-LI.ttf */ = {isa = PBXFileReference; lastKnownFileType = file; path = "Ubuntu-LI.ttf"; sourceTree = "<group>"; };
		DC1BE69114F417CC00F49D25 /* Ubuntu-M.ttf */ = {isa = PBXFileReference; lastKnownFileType = file; path = "Ubuntu-M.ttf"; sourceTree = "<group>"; };
		DC1BE69214F417CC00F49D25 /* Ubuntu-MI.ttf */ = {isa = PBXFileReference; lastKnownFileType = file; path = "Ubuntu-MI.ttf"; sourceTree = "<group>"; };
		DC1BE69314F417CC00F49D25 /* Ubuntu-R.ttf */ = {isa = PBXFileReference; lastKnownFileType = file; path = "Ubuntu-R.ttf"; sourceTree = "<group>"; };
		DC1BE69414F417CC00F49D25 /* Ubuntu-RI.ttf */ = {isa = PBXFileReference; lastKnownFileType = file; path = "Ubuntu-RI.ttf"; sourceTree = "<group>"; };
		DC1BE69514F417CC00F49D25 /* UbuntuMono-B.ttf */ = {isa = PBXFileReference; lastKnownFileType = file; path = "UbuntuMono-B.ttf"; sourceTree = "<group>"; };
		DC1BE69614F417CC00F49D25 /* UbuntuMono-BI.ttf */ = {isa = PBXFileReference; lastKnownFileType = file; path = "UbuntuMono-BI.ttf"; sourceTree = "<group>"; };
		DC1BE69714F417CC00F49D25 /* UbuntuMono-R.ttf */ = {isa = PBXFileReference; lastKnownFileType = file; path = "UbuntuMono-R.ttf"; sourceTree = "<group>"; };
		DC1BE69814F417CC00F49D25 /* UbuntuMono-RI.ttf */ = {isa = PBXFileReference; lastKnownFileType = file; path = "UbuntuMono-RI.ttf"; sourceTree = "<group>"; };
		DC26D6D914B9F2C600B6002E /* fps_images-hd.png */ = {isa = PBXFileReference; lastKnownFileType = image.png; path = "fps_images-hd.png"; sourceTree = "<group>"; };
		DC2721A1160CAEB600D88944 /* Default-568h@2x.png */ = {isa = PBXFileReference; lastKnownFileType = image.png; path = "Default-568h@2x.png"; sourceTree = "<group>"; };
		DC2721A9160CAFC700D88944 /* iTunesArtwork */ = {isa = PBXFileReference; lastKnownFileType = file; path = iTunesArtwork; sourceTree = "<group>"; };
		DC275D2A13B27DBF009C5098 /* Pow.caf */ = {isa = PBXFileReference; lastKnownFileType = file; path = Pow.caf; sourceTree = "<group>"; };
		DC3BE97813B4FB71003739CC /* BuildSettings-iOS.xcconfig */ = {isa = PBXFileReference; lastKnownFileType = text.xcconfig; path = "BuildSettings-iOS.xcconfig"; sourceTree = "<group>"; };
		DC485B0D13AA0E5600F2BC70 /* libchipmunk-mac.a */ = {isa = PBXFileReference; explicitFileType = archive.ar; path = "libchipmunk-mac.a"; sourceTree = BUILT_PRODUCTS_DIR; };
		DC485B1613AA0EBB00F2BC70 /* libbox2d-mac.a */ = {isa = PBXFileReference; explicitFileType = archive.ar; path = "libbox2d-mac.a"; sourceTree = BUILT_PRODUCTS_DIR; };
		DC485B4513AA18A600F2BC70 /* libcocosdenshion-mac.a */ = {isa = PBXFileReference; explicitFileType = archive.ar; path = "libcocosdenshion-mac.a"; sourceTree = BUILT_PRODUCTS_DIR; };
		DC485B4713AA194F00F2BC70 /* ship.png */ = {isa = PBXFileReference; lastKnownFileType = image.png; path = ship.png; sourceTree = "<group>"; };
		DC485B4A13AA1C0E00F2BC70 /* ship-hd.png */ = {isa = PBXFileReference; lastKnownFileType = image.png; path = "ship-hd.png"; sourceTree = "<group>"; };
		DC65615013A969B600A7AC53 /* libbox2d-ios.a */ = {isa = PBXFileReference; explicitFileType = archive.ar; path = "libbox2d-ios.a"; sourceTree = BUILT_PRODUCTS_DIR; };
		DC65615113A969B600A7AC53 /* libchipmunk-ios.a */ = {isa = PBXFileReference; explicitFileType = archive.ar; path = "libchipmunk-ios.a"; sourceTree = BUILT_PRODUCTS_DIR; };
		DC65615213A969B600A7AC53 /* libchipmunk-spacemanager-ios.a */ = {isa = PBXFileReference; explicitFileType = archive.ar; path = "libchipmunk-spacemanager-ios.a"; sourceTree = BUILT_PRODUCTS_DIR; };
		DC65615413A969B600A7AC53 /* libcocos2d-extensions-ios.a */ = {isa = PBXFileReference; explicitFileType = archive.ar; path = "libcocos2d-extensions-ios.a"; sourceTree = BUILT_PRODUCTS_DIR; };
		DC65615513A969B600A7AC53 /* libcocos2d-ios.a */ = {isa = PBXFileReference; explicitFileType = archive.ar; path = "libcocos2d-ios.a"; sourceTree = BUILT_PRODUCTS_DIR; };
		DC65615613A969B600A7AC53 /* libcocos3d-ios.a */ = {isa = PBXFileReference; explicitFileType = archive.ar; path = "libcocos3d-ios.a"; sourceTree = BUILT_PRODUCTS_DIR; };
		DC65615713A969B600A7AC53 /* libcocosdenshion-ios.a */ = {isa = PBXFileReference; explicitFileType = archive.ar; path = "libcocosdenshion-ios.a"; sourceTree = BUILT_PRODUCTS_DIR; };
		DC65615813A969B600A7AC53 /* libkobold2d-ios.a */ = {isa = PBXFileReference; explicitFileType = archive.ar; path = "libkobold2d-ios.a"; sourceTree = BUILT_PRODUCTS_DIR; };
		DC65615913A969B600A7AC53 /* libobjectal-ios.a */ = {isa = PBXFileReference; explicitFileType = archive.ar; path = "libobjectal-ios.a"; sourceTree = BUILT_PRODUCTS_DIR; };
		DC65615A13A969B600A7AC53 /* libsneakyinput-ios.a */ = {isa = PBXFileReference; explicitFileType = archive.ar; path = "libsneakyinput-ios.a"; sourceTree = BUILT_PRODUCTS_DIR; };
		DC65617215114B4A00E59F8A /* fps_images-ipadhd.png */ = {isa = PBXFileReference; lastKnownFileType = image.png; path = "fps_images-ipadhd.png"; sourceTree = "<group>"; };
		DC979E3D13B35F8800656CB9 /* libcocos2d-extensions-mac.a */ = {isa = PBXFileReference; explicitFileType = archive.ar; path = "libcocos2d-extensions-mac.a"; sourceTree = BUILT_PRODUCTS_DIR; };
		DC979E5913B3607E00656CB9 /* libchipmunk-spacemanager-mac.a */ = {isa = PBXFileReference; explicitFileType = archive.ar; path = "libchipmunk-spacemanager-mac.a"; sourceTree = BUILT_PRODUCTS_DIR; };
		DC9C33E713B5024400931BF2 /* BuildSettings-Debug-Mac.xcconfig */ = {isa = PBXFileReference; lastKnownFileType = text.xcconfig; path = "BuildSettings-Debug-Mac.xcconfig"; sourceTree = "<group>"; };
		DC9C33E813B5024400931BF2 /* BuildSettings-Mac.xcconfig */ = {isa = PBXFileReference; lastKnownFileType = text.xcconfig; path = "BuildSettings-Mac.xcconfig"; sourceTree = "<group>"; };
		DC9C33E913B5024400931BF2 /* BuildSettings-Release-Mac.xcconfig */ = {isa = PBXFileReference; lastKnownFileType = text.xcconfig; path = "BuildSettings-Release-Mac.xcconfig"; sourceTree = "<group>"; };
		DCC1A0E313A94ED5005BD75D /* MultipleSession-iOS.app */ = {isa = PBXFileReference; explicitFileType = wrapper.application; includeInIndex = 0; path = "MultipleSession-iOS.app"; sourceTree = BUILT_PRODUCTS_DIR; };
		DCC1A0F913A94ED5005BD75D /* Default.png */ = {isa = PBXFileReference; lastKnownFileType = image.png; path = Default.png; sourceTree = "<group>"; };
		DCC1A0FB13A94ED5005BD75D /* fps_images.png */ = {isa = PBXFileReference; lastKnownFileType = image.png; path = fps_images.png; sourceTree = "<group>"; };
		DCC1A0FD13A94ED5005BD75D /* Icon-72.png */ = {isa = PBXFileReference; lastKnownFileType = image.png; path = "Icon-72.png"; sourceTree = "<group>"; };
		DCC1A0FF13A94ED5005BD75D /* Icon-Small-50.png */ = {isa = PBXFileReference; lastKnownFileType = image.png; path = "Icon-Small-50.png"; sourceTree = "<group>"; };
		DCC1A10113A94ED5005BD75D /* Icon-Small.png */ = {isa = PBXFileReference; lastKnownFileType = image.png; path = "Icon-Small.png"; sourceTree = "<group>"; };
		DCC1A10313A94ED5005BD75D /* Icon-Small@2x.png */ = {isa = PBXFileReference; lastKnownFileType = image.png; path = "Icon-Small@2x.png"; sourceTree = "<group>"; };
		DCC1A10513A94ED5005BD75D /* Icon.png */ = {isa = PBXFileReference; lastKnownFileType = image.png; path = Icon.png; sourceTree = "<group>"; };
		DCC1A10713A94ED5005BD75D /* Icon@2x.png */ = {isa = PBXFileReference; lastKnownFileType = image.png; path = "Icon@2x.png"; sourceTree = "<group>"; };
		DCC1A10913A94ED5005BD75D /* Info.plist */ = {isa = PBXFileReference; lastKnownFileType = text.plist.xml; path = Info.plist; sourceTree = "<group>"; };
		DCC1A25A13A94EE6005BD75D /* MultipleSession-Mac.app */ = {isa = PBXFileReference; explicitFileType = wrapper.application; includeInIndex = 0; path = "MultipleSession-Mac.app"; sourceTree = BUILT_PRODUCTS_DIR; };
		DCC1A26813A94EE6005BD75D /* English */ = {isa = PBXFileReference; lastKnownFileType = text.plist.strings; name = English; path = Resources/English.lproj/InfoPlist.strings; sourceTree = "<group>"; };
		DCC1A26B13A94EE6005BD75D /* English */ = {isa = PBXFileReference; lastKnownFileType = file.xib; name = English; path = Resources/English.lproj/MainMenu.xib; sourceTree = "<group>"; };
		DCC1A26D13A94EE6005BD75D /* fps_images.png */ = {isa = PBXFileReference; lastKnownFileType = image.png; name = fps_images.png; path = Resources/fps_images.png; sourceTree = "<group>"; };
		DCC1A26F13A94EE6005BD75D /* icon.icns */ = {isa = PBXFileReference; lastKnownFileType = image.icns; name = icon.icns; path = Resources/icon.icns; sourceTree = "<group>"; };
		DCC1A27113A94EE6005BD75D /* Info.plist */ = {isa = PBXFileReference; lastKnownFileType = text.plist.xml; name = Info.plist; path = Resources/Info.plist; sourceTree = "<group>"; };
		DCC1A38D13A94F1A005BD75D /* AppDelegate.h */ = {isa = PBXFileReference; fileEncoding = 4; lastKnownFileType = sourcecode.c.h; path = AppDelegate.h; sourceTree = "<group>"; };
		DCC1A38E13A94F1A005BD75D /* AppDelegate.m */ = {isa = PBXFileReference; fileEncoding = 4; lastKnownFileType = sourcecode.c.objc; path = AppDelegate.m; sourceTree = "<group>"; };
		DCC1A38F13A94F1A005BD75D /* HelloWorldLayer.h */ = {isa = PBXFileReference; fileEncoding = 4; lastKnownFileType = sourcecode.c.h; path = HelloWorldLayer.h; sourceTree = "<group>"; };
		DCC1A39013A94F1A005BD75D /* HelloWorldLayer.m */ = {isa = PBXFileReference; fileEncoding = 4; lastKnownFileType = sourcecode.c.objc; path = HelloWorldLayer.m; sourceTree = "<group>"; };
		DCC1A39113A94F1A005BD75D /* main.m */ = {isa = PBXFileReference; fileEncoding = 4; lastKnownFileType = sourcecode.c.objc; path = main.m; sourceTree = "<group>"; };
		DCC1A39213A94F1A005BD75D /* Prefix-iOS.pch */ = {isa = PBXFileReference; fileEncoding = 4; lastKnownFileType = sourcecode.c.h; path = "Prefix-iOS.pch"; sourceTree = "<group>"; };
		DCC1A39313A94F1A005BD75D /* Prefix-Mac.pch */ = {isa = PBXFileReference; fileEncoding = 4; lastKnownFileType = sourcecode.c.h; path = "Prefix-Mac.pch"; sourceTree = "<group>"; };
		DCC1A39513A94F1A005BD75D /* config.lua */ = {isa = PBXFileReference; explicitFileType = sourcecode.applescript; fileEncoding = 4; path = config.lua; sourceTree = "<group>"; xcLanguageSpecificationIdentifier = xcode.lang.lua; };
		DCF95CC913A97EC500AE3B80 /* libcocos2d-mac.a */ = {isa = PBXFileReference; explicitFileType = archive.ar; path = "libcocos2d-mac.a"; sourceTree = BUILT_PRODUCTS_DIR; };
		DCF95CCB13A97EC500AE3B80 /* libkobold2d-mac.a */ = {isa = PBXFileReference; explicitFileType = archive.ar; path = "libkobold2d-mac.a"; sourceTree = BUILT_PRODUCTS_DIR; };
		DCFA90EF13B4F6F7009DD35A /* BuildSettings-Debug-iOS.xcconfig */ = {isa = PBXFileReference; lastKnownFileType = text.xcconfig; path = "BuildSettings-Debug-iOS.xcconfig"; sourceTree = "<group>"; };
		DCFA90F013B4F811009DD35A /* BuildSettings-Release-iOS.xcconfig */ = {isa = PBXFileReference; lastKnownFileType = text.xcconfig; path = "BuildSettings-Release-iOS.xcconfig"; sourceTree = "<group>"; };
/* End PBXFileReference section */

/* Begin PBXFrameworksBuildPhase section */
		DCC1A0E013A94ED5005BD75D /* Frameworks */ = {
			isa = PBXFrameworksBuildPhase;
			buildActionMask = 2147483647;
			files = (
				077D501316AEF5AF000941CC /* MediaPlayer.framework in Frameworks */,
				DC65615C13A969B600A7AC53 /* libbox2d-ios.a in Frameworks */,
				DC65615D13A969B600A7AC53 /* libchipmunk-ios.a in Frameworks */,
				DC65615E13A969B600A7AC53 /* libchipmunk-spacemanager-ios.a in Frameworks */,
				DC65616013A969B600A7AC53 /* libcocos2d-extensions-ios.a in Frameworks */,
				DC65616113A969B600A7AC53 /* libcocos2d-ios.a in Frameworks */,
				DC65616213A969B600A7AC53 /* libcocos3d-ios.a in Frameworks */,
				DC65616313A969B600A7AC53 /* libcocosdenshion-ios.a in Frameworks */,
				DC65616413A969B600A7AC53 /* libkobold2d-ios.a in Frameworks */,
				DC65616513A969B600A7AC53 /* libobjectal-ios.a in Frameworks */,
				DC65616613A969B600A7AC53 /* libsneakyinput-ios.a in Frameworks */,
			);
			runOnlyForDeploymentPostprocessing = 0;
		};
		DCC1A25713A94EE6005BD75D /* Frameworks */ = {
			isa = PBXFrameworksBuildPhase;
			buildActionMask = 2147483647;
			files = (
				DC979E5A13B3607E00656CB9 /* libchipmunk-spacemanager-mac.a in Frameworks */,
				DC979E3E13B35F8800656CB9 /* libcocos2d-extensions-mac.a in Frameworks */,
				DC485B4613AA18A600F2BC70 /* libcocosdenshion-mac.a in Frameworks */,
				DC485B1713AA0EBB00F2BC70 /* libbox2d-mac.a in Frameworks */,
				DC485B1113AA0E5600F2BC70 /* libchipmunk-mac.a in Frameworks */,
				DCF95CD213A97EC500AE3B80 /* libcocos2d-mac.a in Frameworks */,
				DCF95CD413A97EC500AE3B80 /* libkobold2d-mac.a in Frameworks */,
			);
			runOnlyForDeploymentPostprocessing = 0;
		};
/* End PBXFrameworksBuildPhase section */

/* Begin PBXGroup section */
		077D4F9316AEE59E000941CC /* Heqet */ = {
			isa = PBXGroup;
			children = (
				077D4F9416AEE59E000941CC /* .gitignore */,
				077D4F9516AEE59E000941CC /* Heqet */,
				077D4FD116AEE59E000941CC /* util */,
			);
			path = Heqet;
			sourceTree = "<group>";
		};
		077D4F9516AEE59E000941CC /* Heqet */ = {
			isa = PBXGroup;
			children = (
				077D4F9616AEE59E000941CC /* audio */,
				077D4F9B16AEE59E000941CC /* heqet.h */,
				077D4F9C16AEE59E000941CC /* libs */,
				077D4F9F16AEE59E000941CC /* resources */,
				077D4FA316AEE59E000941CC /* scene */,
				077D501F16AEFD54000941CC /* session */,
				077D4FAA16AEE59E000941CC /* sprite */,
				077D4FBE16AEE59E000941CC /* template */,
				077D4FC116AEE59E000941CC /* util */,
			);
			path = Heqet;
			sourceTree = "<group>";
		};
		077D4F9616AEE59E000941CC /* audio */ = {
			isa = PBXGroup;
			children = (
				077D4F9716AEE59E000941CC /* KWLoopAudioTrack.h */,
				077D4F9816AEE59E000941CC /* KWLoopAudioTrack.m */,
				077D4F9916AEE59E000941CC /* KWMusicManager.h */,
				077D4F9A16AEE59E000941CC /* KWMusicManager.m */,
			);
			path = audio;
			sourceTree = "<group>";
		};
		077D4F9C16AEE59E000941CC /* libs */ = {
			isa = PBXGroup;
			children = (
				077D4FF716AEED63000941CC /* CCVideoPlayer */,
				077D4F9D16AEE59E000941CC /* tinymt32.c */,
				077D4F9E16AEE59E000941CC /* tinymt32.h */,
			);
			path = libs;
			sourceTree = "<group>";
		};
		077D4F9F16AEE59E000941CC /* resources */ = {
			isa = PBXGroup;
			children = (
				077D4FA016AEE59E000941CC /* kawaz-hd.png */,
				077D4FA116AEE59E000941CC /* kawaz-ipad.png */,
				077D4FA216AEE59E000941CC /* kawaz.png */,
				077D501116AEF4AD000941CC /* kawaz.mp4 */,
			);
			path = resources;
			sourceTree = "<group>";
		};
		077D4FA316AEE59E000941CC /* scene */ = {
			isa = PBXGroup;
			children = (
				077D4FA416AEE59E000941CC /* KWLayer.h */,
				077D4FA516AEE59E000941CC /* KWLayer.m */,
				077D4FA616AEE59E000941CC /* KWState.h */,
				077D4FA716AEE59E000941CC /* KWState.m */,
				077D4FA816AEE59E000941CC /* KWStateManager.h */,
				077D4FA916AEE59E000941CC /* KWStateManager.m */,
			);
			path = scene;
			sourceTree = "<group>";
		};
		077D4FAA16AEE59E000941CC /* sprite */ = {
			isa = PBXGroup;
			children = (
				077D4FAD16AEE59E000941CC /* CCSuicide.h */,
				077D4FAE16AEE59E000941CC /* CCSuicide.m */,
				077D4FAF16AEE59E000941CC /* KWAnimation.h */,
				077D4FB016AEE59E000941CC /* KWAnimation.m */,
				077D4FB116AEE59E000941CC /* KWGauge.h */,
				077D4FB216AEE59E000941CC /* KWGauge.m */,
				077D4FB316AEE59E000941CC /* KWMessageWindow.h */,
				077D4FB416AEE59E000941CC /* KWMessageWindow.m */,
				077D4FB516AEE59E000941CC /* KWMessageWindowDelegate.h */,
				077D4FB816AEE59E000941CC /* KWScrollLayer.h */,
				077D4FB916AEE59E000941CC /* KWScrollLayer.m */,
				077D4FBA16AEE59E000941CC /* KWShadowLabelTTF.h */,
				077D4FBB16AEE59E000941CC /* KWShadowLabelTTF.m */,
				077D4FBC16AEE59E000941CC /* KWTimerLabel.h */,
				077D4FBD16AEE59E000941CC /* KWTimerLabel.m */,
			);
			path = sprite;
			sourceTree = "<group>";
		};
		077D4FBE16AEE59E000941CC /* template */ = {
			isa = PBXGroup;
			children = (
				077D4FBF16AEE59E000941CC /* KWLogoLayer.h */,
				077D4FC016AEE59E000941CC /* KWLogoLayer.m */,
				077D4FF416AEE5E1000941CC /* KWMovieLogoLayer.h */,
				077D4FF516AEE5E1000941CC /* KWMovieLogoLayer.m */,
			);
			path = template;
			sourceTree = "<group>";
		};
		077D4FC116AEE59E000941CC /* util */ = {
			isa = PBXGroup;
			children = (
				077D4FC216AEE59E000941CC /* KWDrawingPrimitives.h */,
				077D4FC316AEE59E000941CC /* KWDrawingPrimitives.m */,
				077D4FC416AEE59E000941CC /* KWRandom.h */,
				077D4FC516AEE59E000941CC /* KWRandom.m */,
				077D4FC616AEE59E000941CC /* KWSingleton.h */,
				077D4FC716AEE59E000941CC /* KWSingleton.m */,
				077D4FC816AEE59E000941CC /* KWTimer.h */,
				077D4FC916AEE59E000941CC /* KWTimer.m */,
				077D4FCA16AEE59E000941CC /* KWUtility.h */,
				077D4FCB16AEE59E000941CC /* KWUtility.m */,
				077D4FCC16AEE59E000941CC /* KWVector.h */,
				077D4FCD16AEE59E000941CC /* KWVector.m */,
				077D4FCE16AEE59E000941CC /* NSArrayExtension.h */,
				077D4FCF16AEE59E000941CC /* NSArrayExtension.m */,
			);
			path = util;
			sourceTree = "<group>";
		};
		077D4FD116AEE59E000941CC /* util */ = {
			isa = PBXGroup;
			children = (
				077D4FD216AEE59E000941CC /* add_ipad_suffix.py */,
				077D4FD316AEE59E000941CC /* graphic_converter.py */,
				077D4FD416AEE59E000941CC /* sound_converter.py */,
			);
			path = util;
			sourceTree = "<group>";
		};
		077D4FF716AEED63000941CC /* CCVideoPlayer */ = {
			isa = PBXGroup;
			children = (
				077D4FF816AEED63000941CC /* CCVideoPlayer.h */,
				077D4FF916AEED63000941CC /* CCVideoPlayer.m */,
				077D4FFA16AEED63000941CC /* iOS */,
				077D500516AEED63000941CC /* README.md */,
			);
			name = CCVideoPlayer;
			path = Projectfiles/Heqet/Heqet/libs/extensions/Extensions/CCVideoPlayer;
			sourceTree = SOURCE_ROOT;
		};
		077D4FFA16AEED63000941CC /* iOS */ = {
			isa = PBXGroup;
			children = (
				077D4FFB16AEED63000941CC /* CCVideoPlayerImpliOS.h */,
				077D4FFC16AEED63000941CC /* CCVideoPlayerImpliOS.m */,
				077D4FFD16AEED63000941CC /* videoOverlayView.h */,
				077D4FFE16AEED63000941CC /* videoOverlayView.m */,
			);
			path = iOS;
			sourceTree = "<group>";
		};
		077D500D16AEEFDD000941CC /* Scene */ = {
			isa = PBXGroup;
			children = (
				077D500E16AEF008000941CC /* MSLogoLayer.h */,
				077D500F16AEF008000941CC /* MSLogoLayer.m */,
				077D501516AEF852000941CC /* MSTitleLayer.h */,
				077D501616AEF852000941CC /* MSTitleLayer.m */,
				077D501816AEF89F000941CC /* MSMatchLayer.h */,
				077D501916AEF89F000941CC /* MSMatchLayer.m */,
				077D502A16AF36DA000941CC /* MSMainLayer.h */,
				077D502B16AF36DA000941CC /* MSMainLayer.m */,
				077D502D16AF36FE000941CC /* MSMainClientLayer.h */,
				077D502E16AF36FE000941CC /* MSMainClientLayer.m */,
				077D503016AF3710000941CC /* MSMainServerLayer.h */,
				077D503116AF3711000941CC /* MSMainServerLayer.m */,
				078961B816AFA4EB0094D334 /* MSErrorLayer.h */,
				078961B916AFA4EB0094D334 /* MSErrorLayer.m */,
			);
			name = Scene;
			sourceTree = "<group>";
		};
		077D501E16AEFB8F000941CC /* Model */ = {
			isa = PBXGroup;
			children = (
				077D502416AF3698000941CC /* MSPlayer.h */,
				077D502516AF3698000941CC /* MSPlayer.m */,
				077D503316AF3C8B000941CC /* MSAngel.h */,
				077D503416AF3C8B000941CC /* MSAngel.m */,
				078961B116AF5E960094D334 /* MSPlayerState.h */,
				078961B216AF5E960094D334 /* MSPlayerState.m */,
				078961BB16AFAC2F0094D334 /* MSContainer.h */,
				078961BC16AFAC2F0094D334 /* MSContainer.m */,
				070E638F16B2EAC9004ABC0C /* MSMapLoader.h */,
				070E639016B2EAC9004ABC0C /* MSMapLoader.m */,
				07F4150116B31C850040F9A3 /* MSTile.h */,
				07F4150216B31C860040F9A3 /* MSTile.m */,
			);
			name = Model;
			sourceTree = "<group>";
		};
		077D501F16AEFD54000941CC /* session */ = {
			isa = PBXGroup;
			children = (
				077D502016AEFD55000941CC /* KWSessionManager.h */,
				077D502116AEFD55000941CC /* KWSessionManager.m */,
				077D502316AF0A57000941CC /* KWSessionDelegate.h */,
			);
			path = session;
			sourceTree = "<group>";
		};
		07F414DA16B2FCFE0040F9A3 /* Image */ = {
			isa = PBXGroup;
			children = (
				07B6795F16B322DD009C37D8 /* player0-hd.png */,
				07B6796016B322DD009C37D8 /* player0.png */,
				07B6796116B322DD009C37D8 /* player1-hd.png */,
				07B6796216B322DD009C37D8 /* player1.png */,
				07B6796316B322DD009C37D8 /* player2-hd.png */,
				07B6796416B322DD009C37D8 /* player2.png */,
				07B6796516B322DD009C37D8 /* rail0-hd.png */,
				07B6796616B322DD009C37D8 /* rail0.png */,
				07F414DC16B2FD050040F9A3 /* back-hd.png */,
				07F414DD16B2FD050040F9A3 /* back.png */,
			);
			name = Image;
			sourceTree = "<group>";
		};
		07F414E016B316920040F9A3 /* Map */ = {
			isa = PBXGroup;
			children = (
				07F414E116B316F80040F9A3 /* stage.lua */,
				07F414E316B3194F0040F9A3 /* stage.txt */,
			);
			name = Map;
			sourceTree = "<group>";
		};
		DC1BE68414F417CC00F49D25 /* ubuntu-font-family-0.80 */ = {
			isa = PBXGroup;
			children = (
				DC1BE68614F417CC00F49D25 /* copyright.txt */,
				DC1BE68914F417CC00F49D25 /* LICENCE.txt */,
				DC1BE68C14F417CC00F49D25 /* Ubuntu-B.ttf */,
				DC1BE68D14F417CC00F49D25 /* Ubuntu-BI.ttf */,
				DC1BE68E14F417CC00F49D25 /* Ubuntu-C.ttf */,
				DC1BE68F14F417CC00F49D25 /* Ubuntu-L.ttf */,
				DC1BE69014F417CC00F49D25 /* Ubuntu-LI.ttf */,
				DC1BE69114F417CC00F49D25 /* Ubuntu-M.ttf */,
				DC1BE69214F417CC00F49D25 /* Ubuntu-MI.ttf */,
				DC1BE69314F417CC00F49D25 /* Ubuntu-R.ttf */,
				DC1BE69414F417CC00F49D25 /* Ubuntu-RI.ttf */,
				DC1BE69514F417CC00F49D25 /* UbuntuMono-B.ttf */,
				DC1BE69614F417CC00F49D25 /* UbuntuMono-BI.ttf */,
				DC1BE69714F417CC00F49D25 /* UbuntuMono-R.ttf */,
				DC1BE69814F417CC00F49D25 /* UbuntuMono-RI.ttf */,
			);
			path = "ubuntu-font-family-0.80";
			sourceTree = "<group>";
		};
		DCC1A0D613A94EC0005BD75D = {
			isa = PBXGroup;
			children = (
				077D501216AEF5AF000941CC /* MediaPlayer.framework */,
				DCC1A38C13A94F1A005BD75D /* Projectfiles */,
				DCC1A0F713A94ED5005BD75D /* Projectfiles-iOS */,
				DCC1A26413A94EE6005BD75D /* Projectfiles-Mac */,
				DCFA90ED13B4F6A0009DD35A /* BuildSettings */,
				DCC1A0E613A94ED5005BD75D /* Frameworks */,
				DCC1A0E413A94ED5005BD75D /* Products */,
			);
			sourceTree = "<group>";
		};
		DCC1A0E413A94ED5005BD75D /* Products */ = {
			isa = PBXGroup;
			children = (
				DCC1A0E313A94ED5005BD75D /* MultipleSession-iOS.app */,
				DCC1A25A13A94EE6005BD75D /* MultipleSession-Mac.app */,
			);
			name = Products;
			sourceTree = "<group>";
		};
		DCC1A0E613A94ED5005BD75D /* Frameworks */ = {
			isa = PBXGroup;
			children = (
			);
			name = Frameworks;
			sourceTree = "<group>";
		};
		DCC1A0F713A94ED5005BD75D /* Projectfiles-iOS */ = {
			isa = PBXGroup;
			children = (
				DC1BE68414F417CC00F49D25 /* ubuntu-font-family-0.80 */,
				DCC1A0F813A94ED5005BD75D /* Resources */,
			);
			path = "Projectfiles-iOS";
			sourceTree = "<group>";
		};
		DCC1A0F813A94ED5005BD75D /* Resources */ = {
			isa = PBXGroup;
			children = (
				DC2721A9160CAFC700D88944 /* iTunesArtwork */,
				DC2721A1160CAEB600D88944 /* Default-568h@2x.png */,
				DCC1A0F913A94ED5005BD75D /* Default.png */,
				DCC1A0FB13A94ED5005BD75D /* fps_images.png */,
				DC26D6D914B9F2C600B6002E /* fps_images-hd.png */,
				DC65617215114B4A00E59F8A /* fps_images-ipadhd.png */,
				DCC1A0FD13A94ED5005BD75D /* Icon-72.png */,
				DCC1A0FF13A94ED5005BD75D /* Icon-Small-50.png */,
				DCC1A10113A94ED5005BD75D /* Icon-Small.png */,
				DCC1A10313A94ED5005BD75D /* Icon-Small@2x.png */,
				DCC1A10513A94ED5005BD75D /* Icon.png */,
				DCC1A10713A94ED5005BD75D /* Icon@2x.png */,
				DCC1A10913A94ED5005BD75D /* Info.plist */,
			);
			path = Resources;
			sourceTree = "<group>";
		};
		DCC1A26413A94EE6005BD75D /* Projectfiles-Mac */ = {
			isa = PBXGroup;
			children = (
				DCC1A26513A94EE6005BD75D /* Resources */,
			);
			path = "Projectfiles-Mac";
			sourceTree = "<group>";
		};
		DCC1A26513A94EE6005BD75D /* Resources */ = {
			isa = PBXGroup;
			children = (
				DCC1A26D13A94EE6005BD75D /* fps_images.png */,
				DCC1A26F13A94EE6005BD75D /* icon.icns */,
				DCC1A27113A94EE6005BD75D /* Info.plist */,
				DCC1A26613A94EE6005BD75D /* English.lproj */,
			);
			name = Resources;
			sourceTree = "<group>";
		};
		DCC1A26613A94EE6005BD75D /* English.lproj */ = {
			isa = PBXGroup;
			children = (
				DCC1A26713A94EE6005BD75D /* InfoPlist.strings */,
				DCC1A26A13A94EE6005BD75D /* MainMenu.xib */,
			);
			name = English.lproj;
			sourceTree = "<group>";
		};
		DCC1A38C13A94F1A005BD75D /* Projectfiles */ = {
			isa = PBXGroup;
			children = (
				077D501E16AEFB8F000941CC /* Model */,
				077D500D16AEEFDD000941CC /* Scene */,
				077D4F9316AEE59E000941CC /* Heqet */,
				DCC1A38F13A94F1A005BD75D /* HelloWorldLayer.h */,
				DCC1A39013A94F1A005BD75D /* HelloWorldLayer.m */,
				DCC1A38D13A94F1A005BD75D /* AppDelegate.h */,
				DCC1A38E13A94F1A005BD75D /* AppDelegate.m */,
				DCC1A39413A94F1A005BD75D /* Resources */,
				DCC1A3CF13A94F2C005BD75D /* Supporting Files */,
			);
			path = Projectfiles;
			sourceTree = "<group>";
		};
		DCC1A39413A94F1A005BD75D /* Resources */ = {
			isa = PBXGroup;
			children = (
				07F414E016B316920040F9A3 /* Map */,
				07F414DA16B2FCFE0040F9A3 /* Image */,
				07619E9116B17BD7001E5EA1 /* sky-hd.png */,
				DCC1A39513A94F1A005BD75D /* config.lua */,
				DC275D2A13B27DBF009C5098 /* Pow.caf */,
				DC485B4713AA194F00F2BC70 /* ship.png */,
				07619E8F16B17938001E5EA1 /* grass.jpg */,
				078961B416AF63880094D334 /* background-hd.jpg */,
				DC485B4A13AA1C0E00F2BC70 /* ship-hd.png */,
				0789617A16AF539A0094D334 /* background.jpg */,
			);
			path = Resources;
			sourceTree = "<group>";
		};
		DCC1A3CF13A94F2C005BD75D /* Supporting Files */ = {
			isa = PBXGroup;
			children = (
				DCC1A39113A94F1A005BD75D /* main.m */,
				DCC1A39213A94F1A005BD75D /* Prefix-iOS.pch */,
				DCC1A39313A94F1A005BD75D /* Prefix-Mac.pch */,
			);
			name = "Supporting Files";
			sourceTree = "<group>";
		};
		DCFA90ED13B4F6A0009DD35A /* BuildSettings */ = {
			isa = PBXGroup;
			children = (
				DCFA90EF13B4F6F7009DD35A /* BuildSettings-Debug-iOS.xcconfig */,
				DCFA90F013B4F811009DD35A /* BuildSettings-Release-iOS.xcconfig */,
				DC3BE97813B4FB71003739CC /* BuildSettings-iOS.xcconfig */,
				DC9C33E713B5024400931BF2 /* BuildSettings-Debug-Mac.xcconfig */,
				DC9C33E913B5024400931BF2 /* BuildSettings-Release-Mac.xcconfig */,
				DC9C33E813B5024400931BF2 /* BuildSettings-Mac.xcconfig */,
			);
			path = BuildSettings;
			sourceTree = "<group>";
		};
/* End PBXGroup section */

/* Begin PBXNativeTarget section */
		DCC1A0E213A94ED5005BD75D /* MultipleSession-iOS */ = {
			isa = PBXNativeTarget;
			buildConfigurationList = DCC1A25313A94ED7005BD75D /* Build configuration list for PBXNativeTarget "MultipleSession-iOS" */;
			buildPhases = (
				DCC1A0DF13A94ED5005BD75D /* Sources */,
				DCC1A0E013A94ED5005BD75D /* Frameworks */,
				DCC1A0E113A94ED5005BD75D /* Resources */,
			);
			buildRules = (
			);
			dependencies = (
			);
			name = "MultipleSession-iOS";
			productName = "Hello-World-iOS";
			productReference = DCC1A0E313A94ED5005BD75D /* MultipleSession-iOS.app */;
			productType = "com.apple.product-type.application";
		};
		DCC1A25913A94EE6005BD75D /* MultipleSession-Mac */ = {
			isa = PBXNativeTarget;
			buildConfigurationList = DCC1A38913A94EE7005BD75D /* Build configuration list for PBXNativeTarget "MultipleSession-Mac" */;
			buildPhases = (
				DCC1A25613A94EE6005BD75D /* Sources */,
				DCC1A25713A94EE6005BD75D /* Frameworks */,
				DCC1A25813A94EE6005BD75D /* Resources */,
			);
			buildRules = (
			);
			dependencies = (
			);
			name = "MultipleSession-Mac";
			productName = "Hello-World-Mac";
			productReference = DCC1A25A13A94EE6005BD75D /* MultipleSession-Mac.app */;
			productType = "com.apple.product-type.application";
		};
/* End PBXNativeTarget section */

/* Begin PBXProject section */
		DCC1A0D813A94EC0005BD75D /* Project object */ = {
			isa = PBXProject;
			attributes = {
				LastUpgradeCheck = 0420;
			};
			buildConfigurationList = DCC1A0DB13A94EC0005BD75D /* Build configuration list for PBXProject "MultipleSession" */;
			compatibilityVersion = "Xcode 3.2";
			developmentRegion = English;
			hasScannedForEncodings = 0;
			knownRegions = (
				en,
				English,
			);
			mainGroup = DCC1A0D613A94EC0005BD75D;
			productRefGroup = DCC1A0E413A94ED5005BD75D /* Products */;
			projectDirPath = "";
			projectRoot = "";
			targets = (
				DCC1A0E213A94ED5005BD75D /* MultipleSession-iOS */,
				DCC1A25913A94EE6005BD75D /* MultipleSession-Mac */,
			);
		};
/* End PBXProject section */

/* Begin PBXResourcesBuildPhase section */
		DCC1A0E113A94ED5005BD75D /* Resources */ = {
			isa = PBXResourcesBuildPhase;
			buildActionMask = 2147483647;
			files = (
				077D501416AEF673000941CC /* kawaz.mp4 in Resources */,
				DCC1A0FA13A94ED5005BD75D /* Default.png in Resources */,
				DCC1A0FC13A94ED5005BD75D /* fps_images.png in Resources */,
				DCC1A0FE13A94ED5005BD75D /* Icon-72.png in Resources */,
				DCC1A10013A94ED5005BD75D /* Icon-Small-50.png in Resources */,
				DCC1A10213A94ED5005BD75D /* Icon-Small.png in Resources */,
				DCC1A10413A94ED5005BD75D /* Icon-Small@2x.png in Resources */,
				DCC1A10613A94ED5005BD75D /* Icon.png in Resources */,
				DCC1A10813A94ED5005BD75D /* Icon@2x.png in Resources */,
				DCC1A3AF13A94F1A005BD75D /* config.lua in Resources */,
				DC485B4813AA194F00F2BC70 /* ship.png in Resources */,
				DC485B4B13AA1C0E00F2BC70 /* ship-hd.png in Resources */,
				DC275D2B13B27DBF009C5098 /* Pow.caf in Resources */,
				DC1BE6A014F417CC00F49D25 /* Ubuntu-B.ttf in Resources */,
				DC1BE6A114F417CC00F49D25 /* Ubuntu-BI.ttf in Resources */,
				DC1BE6A214F417CC00F49D25 /* Ubuntu-C.ttf in Resources */,
				DC1BE6A314F417CC00F49D25 /* Ubuntu-L.ttf in Resources */,
				DC1BE6A414F417CC00F49D25 /* Ubuntu-LI.ttf in Resources */,
				DC1BE6A514F417CC00F49D25 /* Ubuntu-M.ttf in Resources */,
				DC1BE6A614F417CC00F49D25 /* Ubuntu-MI.ttf in Resources */,
				DC1BE6A714F417CC00F49D25 /* Ubuntu-R.ttf in Resources */,
				DC1BE6A814F417CC00F49D25 /* Ubuntu-RI.ttf in Resources */,
				DC1BE6A914F417CC00F49D25 /* UbuntuMono-B.ttf in Resources */,
				DC1BE6AA14F417CC00F49D25 /* UbuntuMono-BI.ttf in Resources */,
				DC1BE6AB14F417CC00F49D25 /* UbuntuMono-R.ttf in Resources */,
				DC1BE6AC14F417CC00F49D25 /* UbuntuMono-RI.ttf in Resources */,
				DC26D6DA14B9F2C600B6002E /* fps_images-hd.png in Resources */,
				DC65617315114B4A00E59F8A /* fps_images-ipadhd.png in Resources */,
				DC2721A2160CAEB600D88944 /* Default-568h@2x.png in Resources */,
				DC2721AA160CAFC700D88944 /* iTunesArtwork in Resources */,
				077D4FD516AEE59E000941CC /* .gitignore in Resources */,
				077D4FD916AEE59E000941CC /* kawaz-hd.png in Resources */,
				077D4FDA16AEE59E000941CC /* kawaz-ipad.png in Resources */,
				077D4FDB16AEE59E000941CC /* kawaz.png in Resources */,
				077D4FF116AEE59E000941CC /* add_ipad_suffix.py in Resources */,
				077D4FF216AEE59E000941CC /* graphic_converter.py in Resources */,
				077D4FF316AEE59E000941CC /* sound_converter.py in Resources */,
				077D500C16AEED63000941CC /* README.md in Resources */,
				0789617B16AF539A0094D334 /* background.jpg in Resources */,
				078961B616AF63880094D334 /* background-hd.jpg in Resources */,
				07619E9016B17938001E5EA1 /* grass.jpg in Resources */,
				07619E9216B17BD7001E5EA1 /* sky-hd.png in Resources */,
				07F414DE16B2FD050040F9A3 /* back-hd.png in Resources */,
				07F414DF16B2FD050040F9A3 /* back.png in Resources */,
				07F414E216B316F80040F9A3 /* stage.lua in Resources */,
				07F414E416B3194F0040F9A3 /* stage.txt in Resources */,
				07B6796716B322DD009C37D8 /* player0-hd.png in Resources */,
				07B6796816B322DD009C37D8 /* player0.png in Resources */,
				07B6796916B322DD009C37D8 /* player1-hd.png in Resources */,
				07B6796A16B322DD009C37D8 /* player1.png in Resources */,
				07B6796B16B322DD009C37D8 /* player2-hd.png in Resources */,
				07B6796C16B322DD009C37D8 /* player2.png in Resources */,
				07B6796D16B322DD009C37D8 /* rail0-hd.png in Resources */,
				07B6796E16B322DD009C37D8 /* rail0.png in Resources */,
			);
			runOnlyForDeploymentPostprocessing = 0;
		};
		DCC1A25813A94EE6005BD75D /* Resources */ = {
			isa = PBXResourcesBuildPhase;
			buildActionMask = 2147483647;
			files = (
				DCC1A26913A94EE6005BD75D /* InfoPlist.strings in Resources */,
				DCC1A26C13A94EE6005BD75D /* MainMenu.xib in Resources */,
				DCC1A26E13A94EE6005BD75D /* fps_images.png in Resources */,
				DCC1A27013A94EE6005BD75D /* icon.icns in Resources */,
				DCC1A3B013A94F1A005BD75D /* config.lua in Resources */,
				DC485B4913AA194F00F2BC70 /* ship.png in Resources */,
				DC485B4C13AA1C0E00F2BC70 /* ship-hd.png in Resources */,
				DC275D2C13B27DBF009C5098 /* Pow.caf in Resources */,
				DC26D6DB14B9F2C600B6002E /* fps_images-hd.png in Resources */,
			);
			runOnlyForDeploymentPostprocessing = 0;
		};
/* End PBXResourcesBuildPhase section */

/* Begin PBXSourcesBuildPhase section */
		DCC1A0DF13A94ED5005BD75D /* Sources */ = {
			isa = PBXSourcesBuildPhase;
			buildActionMask = 2147483647;
			files = (
				DCC1A3A913A94F1A005BD75D /* AppDelegate.m in Sources */,
				DCC1A3AB13A94F1A005BD75D /* HelloWorldLayer.m in Sources */,
				DCC1A3AD13A94F1A005BD75D /* main.m in Sources */,
				077D4FD616AEE59E000941CC /* KWLoopAudioTrack.m in Sources */,
				077D4FD716AEE59E000941CC /* KWMusicManager.m in Sources */,
				077D4FD816AEE59E000941CC /* tinymt32.c in Sources */,
				077D4FDC16AEE59E000941CC /* KWLayer.m in Sources */,
				077D4FDD16AEE59E000941CC /* KWState.m in Sources */,
				077D4FDE16AEE59E000941CC /* KWStateManager.m in Sources */,
				077D4FE016AEE59E000941CC /* CCSuicide.m in Sources */,
				077D4FE116AEE59E000941CC /* KWAnimation.m in Sources */,
				077D4FE216AEE59E000941CC /* KWGauge.m in Sources */,
				077D4FE316AEE59E000941CC /* KWMessageWindow.m in Sources */,
				077D4FE516AEE59E000941CC /* KWScrollLayer.m in Sources */,
				077D4FE616AEE59E000941CC /* KWShadowLabelTTF.m in Sources */,
				077D4FE716AEE59E000941CC /* KWTimerLabel.m in Sources */,
				077D4FE816AEE59E000941CC /* KWLogoLayer.m in Sources */,
				077D4FE916AEE59E000941CC /* KWDrawingPrimitives.m in Sources */,
				077D4FEA16AEE59E000941CC /* KWRandom.m in Sources */,
				077D4FEB16AEE59E000941CC /* KWSingleton.m in Sources */,
				077D4FEC16AEE59E000941CC /* KWTimer.m in Sources */,
				077D4FED16AEE59E000941CC /* KWUtility.m in Sources */,
				077D4FEE16AEE59E000941CC /* KWVector.m in Sources */,
				077D4FEF16AEE59E000941CC /* NSArrayExtension.m in Sources */,
				077D4FF616AEE5E1000941CC /* KWMovieLogoLayer.m in Sources */,
				077D500616AEED63000941CC /* CCVideoPlayer.m in Sources */,
				077D500716AEED63000941CC /* CCVideoPlayerImpliOS.m in Sources */,
				077D500816AEED63000941CC /* videoOverlayView.m in Sources */,
				077D501016AEF008000941CC /* MSLogoLayer.m in Sources */,
				077D501716AEF852000941CC /* MSTitleLayer.m in Sources */,
				077D501A16AEF89F000941CC /* MSMatchLayer.m in Sources */,
				077D502216AEFD55000941CC /* KWSessionManager.m in Sources */,
				077D502616AF3698000941CC /* MSPlayer.m in Sources */,
				077D502C16AF36DB000941CC /* MSMainLayer.m in Sources */,
				077D502F16AF36FF000941CC /* MSMainClientLayer.m in Sources */,
				077D503216AF3711000941CC /* MSMainServerLayer.m in Sources */,
				077D503516AF3C8B000941CC /* MSAngel.m in Sources */,
				078961B316AF5E960094D334 /* MSPlayerState.m in Sources */,
				078961BA16AFA4EC0094D334 /* MSErrorLayer.m in Sources */,
				078961BD16AFAC2F0094D334 /* MSContainer.m in Sources */,
				070E639116B2EAC9004ABC0C /* MSMapLoader.m in Sources */,
				07F4150316B31C860040F9A3 /* MSTile.m in Sources */,
			);
			runOnlyForDeploymentPostprocessing = 0;
		};
		DCC1A25613A94EE6005BD75D /* Sources */ = {
			isa = PBXSourcesBuildPhase;
			buildActionMask = 2147483647;
			files = (
				DCC1A3AA13A94F1A005BD75D /* AppDelegate.m in Sources */,
				DCC1A3AC13A94F1A005BD75D /* HelloWorldLayer.m in Sources */,
				DCC1A3AE13A94F1A005BD75D /* main.m in Sources */,
			);
			runOnlyForDeploymentPostprocessing = 0;
		};
/* End PBXSourcesBuildPhase section */

/* Begin PBXVariantGroup section */
		DCC1A26713A94EE6005BD75D /* InfoPlist.strings */ = {
			isa = PBXVariantGroup;
			children = (
				DCC1A26813A94EE6005BD75D /* English */,
			);
			name = InfoPlist.strings;
			sourceTree = "<group>";
		};
		DCC1A26A13A94EE6005BD75D /* MainMenu.xib */ = {
			isa = PBXVariantGroup;
			children = (
				DCC1A26B13A94EE6005BD75D /* English */,
			);
			name = MainMenu.xib;
			sourceTree = "<group>";
		};
/* End PBXVariantGroup section */

/* Begin XCBuildConfiguration section */
		DCC1A0DD13A94EC0005BD75D /* Debug */ = {
			isa = XCBuildConfiguration;
			buildSettings = {
			};
			name = Debug;
		};
		DCC1A0DE13A94EC0005BD75D /* Release */ = {
			isa = XCBuildConfiguration;
			buildSettings = {
			};
			name = Release;
		};
		DCC1A25413A94ED7005BD75D /* Debug */ = {
			isa = XCBuildConfiguration;
			baseConfigurationReference = DCFA90EF13B4F6F7009DD35A /* BuildSettings-Debug-iOS.xcconfig */;
			buildSettings = {
				IPHONEOS_DEPLOYMENT_TARGET = 5.0;
				LIBRARY_SEARCH_PATHS = (
					"$(inherited)",
					"\"$(SRCROOT)/../__Kobold2D__/libs/GoogleAdMobAdsSDK\"",
				);
			};
			name = Debug;
		};
		DCC1A25513A94ED7005BD75D /* Release */ = {
			isa = XCBuildConfiguration;
			baseConfigurationReference = DCFA90F013B4F811009DD35A /* BuildSettings-Release-iOS.xcconfig */;
			buildSettings = {
				IPHONEOS_DEPLOYMENT_TARGET = 5.0;
				LIBRARY_SEARCH_PATHS = (
					"$(inherited)",
					"\"$(SRCROOT)/../__Kobold2D__/libs/GoogleAdMobAdsSDK\"",
				);
			};
			name = Release;
		};
		DCC1A38A13A94EE7005BD75D /* Debug */ = {
			isa = XCBuildConfiguration;
			baseConfigurationReference = DC9C33E713B5024400931BF2 /* BuildSettings-Debug-Mac.xcconfig */;
			buildSettings = {
			};
			name = Debug;
		};
		DCC1A38B13A94EE7005BD75D /* Release */ = {
			isa = XCBuildConfiguration;
			baseConfigurationReference = DC9C33E913B5024400931BF2 /* BuildSettings-Release-Mac.xcconfig */;
			buildSettings = {
			};
			name = Release;
		};
/* End XCBuildConfiguration section */

/* Begin XCConfigurationList section */
		DCC1A0DB13A94EC0005BD75D /* Build configuration list for PBXProject "MultipleSession" */ = {
			isa = XCConfigurationList;
			buildConfigurations = (
				DCC1A0DD13A94EC0005BD75D /* Debug */,
				DCC1A0DE13A94EC0005BD75D /* Release */,
			);
			defaultConfigurationIsVisible = 0;
			defaultConfigurationName = Release;
		};
		DCC1A25313A94ED7005BD75D /* Build configuration list for PBXNativeTarget "MultipleSession-iOS" */ = {
			isa = XCConfigurationList;
			buildConfigurations = (
				DCC1A25413A94ED7005BD75D /* Debug */,
				DCC1A25513A94ED7005BD75D /* Release */,
			);
			defaultConfigurationIsVisible = 0;
			defaultConfigurationName = Release;
		};
		DCC1A38913A94EE7005BD75D /* Build configuration list for PBXNativeTarget "MultipleSession-Mac" */ = {
			isa = XCConfigurationList;
			buildConfigurations = (
				DCC1A38A13A94EE7005BD75D /* Debug */,
				DCC1A38B13A94EE7005BD75D /* Release */,
			);
			defaultConfigurationIsVisible = 0;
			defaultConfigurationName = Release;
		};
/* End XCConfigurationList section */
	};
	rootObject = DCC1A0D813A94EC0005BD75D /* Project object */;
}
